// !$*UTF8*$!
{
	archiveVersion = 1;
	classes = {
	};
	objectVersion = 56;
	objects = {

/* Begin PBXBuildFile section */
		06YM0C4N0J8IQJP9DL0WWREU /* PlaceholderSection.swift in Sources */ = {isa = PBXBuildFile; fileRef = JKVCJWYEAZSCXB3P1NWATHB1 /* PlaceholderSection.swift */; };
		1423481A2EA07B3300059087 /* NetworkError.swift in Sources */ = {isa = PBXBuildFile; fileRef = 142348162EA07B3300059087 /* NetworkError.swift */; };
		1423481B2EA07B3300059087 /* PendingOperationsManager.swift in Sources */ = {isa = PBXBuildFile; fileRef = 142348182EA07B3300059087 /* PendingOperationsManager.swift */; };
		1423481C2EA07B3300059087 /* NetworkManager.swift in Sources */ = {isa = PBXBuildFile; fileRef = 142348172EA07B3300059087 /* NetworkManager.swift */; };
		1423481E2EA07B4E00059087 /* OfflineIndicatorView.swift in Sources */ = {isa = PBXBuildFile; fileRef = 1423481D2EA07B4E00059087 /* OfflineIndicatorView.swift */; };
		142348202EA07B6300059087 /* NetworkingTests.swift in Sources */ = {isa = PBXBuildFile; fileRef = 1423481F2EA07B6300059087 /* NetworkingTests.swift */; };
		142348222EA07F5D00059087 /* OpenAICompatibleSettingsView.swift in Sources */ = {isa = PBXBuildFile; fileRef = 142348212EA07F5D00059087 /* OpenAICompatibleSettingsView.swift */; };
		142348242EA07F6D00059087 /* OpenAICompatibleClient.swift in Sources */ = {isa = PBXBuildFile; fileRef = 142348232EA07F6D00059087 /* OpenAICompatibleClient.swift */; };
		142348262EA07F5D00059087 /* AIContextSelectorView.swift in Sources */ = {isa = PBXBuildFile; fileRef = 142348252EA07F5D00059087 /* AIContextSelectorView.swift */; };
		1427C64B12E66847000EBEFB0 /* DocumentTypeSelectorView.swift in Sources */ = {isa = PBXBuildFile; fileRef = 1427C64B02E66847000EBEFB0 /* DocumentTypeSelectorView.swift */; };
		1427C64B2E667B2500EBEFB0 /* Ollama in Frameworks */ = {isa = PBXBuildFile; productRef = 1427C64A2E667B2500EBEFB0 /* Ollama */; };
		1427C6532E66847000EBEFB0 /* DocumentKeyboardShortcuts.swift in Sources */ = {isa = PBXBuildFile; fileRef = 1427C6522E66847000EBEFB0 /* DocumentKeyboardShortcuts.swift */; };
		1427C6542E66847000EBEFB0 /* ChatDetailView.swift in Sources */ = {isa = PBXBuildFile; fileRef = 1427C64D2E66847000EBEFB0 /* ChatDetailView.swift */; };
		1427C6552E66847000EBEFB0 /* DocumentFilterView.swift in Sources */ = {isa = PBXBuildFile; fileRef = 1427C6502E66847000EBEFB0 /* DocumentFilterView.swift */; };
		1427C6562E66847000EBEFB0 /* BatchProcessingView.swift in Sources */ = {isa = PBXBuildFile; fileRef = 1427C64C2E66847000EBEFB0 /* BatchProcessingView.swift */; };
		1427C6572E66847000EBEFB0 /* DocumentGridView.swift in Sources */ = {isa = PBXBuildFile; fileRef = 1427C6512E66847000EBEFB0 /* DocumentGridView.swift */; };
		1427C6582E66847000EBEFB0 /* DocumentDetailView.swift in Sources */ = {isa = PBXBuildFile; fileRef = 1427C64F2E66847000EBEFB0 /* DocumentDetailView.swift */; };
		1427C6592E66847000EBEFB0 /* ConversationSidebarView.swift in Sources */ = {isa = PBXBuildFile; fileRef = 1427C64E2E66847000EBEFB0 /* ConversationSidebarView.swift */; };
		1434468F2E788ED300961754 /* Doctor.swift in Sources */ = {isa = PBXBuildFile; fileRef = 1434468E2E788ED300961754 /* Doctor.swift */; };
		143446912E788EE800961754 /* DoctorSelectorView.swift in Sources */ = {isa = PBXBuildFile; fileRef = 143446902E788EE800961754 /* DoctorSelectorView.swift */; };
		143446952E78B62F00961754 /* MedicationsListView.swift in Sources */ = {isa = PBXBuildFile; fileRef = 143446942E78B62F00961754 /* MedicationsListView.swift */; };
		143446962E78B62F00961754 /* MedicationEditorView.swift in Sources */ = {isa = PBXBuildFile; fileRef = 143446932E78B62F00961754 /* MedicationEditorView.swift */; };
		143446972E78B62F00961754 /* FamilyHistoryEditorView.swift in Sources */ = {isa = PBXBuildFile; fileRef = 143446922E78B62F00961754 /* FamilyHistoryEditorView.swift */; };
		143446992E78BC8300961754 /* PersonalMedicalHistoryView.swift in Sources */ = {isa = PBXBuildFile; fileRef = 143446982E78BC8300961754 /* PersonalMedicalHistoryView.swift */; };
		1434469B2E78BCAC00961754 /* MedicalConditionEditorView.swift in Sources */ = {isa = PBXBuildFile; fileRef = 1434469A2E78BCAC00961754 /* MedicalConditionEditorView.swift */; };
		1434469E2E78E36D00961754 /* AWSBedrock in Frameworks */ = {isa = PBXBuildFile; productRef = 1434469D2E78E36D00961754 /* AWSBedrock */; };
		143446A02E78E36D00961754 /* AWSBedrockRuntime in Frameworks */ = {isa = PBXBuildFile; productRef = 1434469F2E78E36D00961754 /* AWSBedrockRuntime */; };
		143446A22E78E36D00961754 /* AWSClientRuntime in Frameworks */ = {isa = PBXBuildFile; productRef = 143446A12E78E36D00961754 /* AWSClientRuntime */; };
		143446A42E78E68500961754 /* AWSBedrockSettingsView.swift in Sources */ = {isa = PBXBuildFile; fileRef = 143446A32E78E68500961754 /* AWSBedrockSettingsView.swift */; };
		143446AC2E78E6FC00961754 /* AWSCredentialsManager.swift in Sources */ = {isa = PBXBuildFile; fileRef = 143446A82E78E6FC00961754 /* AWSCredentialsManager.swift */; };
		143446AD2E78E6FC00961754 /* BedrockClient.swift in Sources */ = {isa = PBXBuildFile; fileRef = 143446A92E78E6FC00961754 /* BedrockClient.swift */; };
		143446AE2E78E6FC00961754 /* AWSCredentialsHelper.swift in Sources */ = {isa = PBXBuildFile; fileRef = 143446A72E78E6FC00961754 /* AWSCredentialsHelper.swift */; };
		145D8D332EA1941E000BB28A /* OllamaSettingsView.swift in Sources */ = {isa = PBXBuildFile; fileRef = 145D8D322EA1941E000BB28A /* OllamaSettingsView.swift */; };
		146E72A82EC2903F00D20C53 /* MedicalDocument.swift in Sources */ = {isa = PBXBuildFile; fileRef = 146E72A72EC2903F00D20C53 /* MedicalDocument.swift */; };
		146E72AA2EC2905200D20C53 /* MedicalDocumentDetailView.swift in Sources */ = {isa = PBXBuildFile; fileRef = 146E72A92EC2905200D20C53 /* MedicalDocumentDetailView.swift */; };
		146E72AC2EC2905200D20C53 /* MedicalDocumentDetailViewModel.swift in Sources */ = {isa = PBXBuildFile; fileRef = 146E72AB2EC2905200D20C53 /* MedicalDocumentDetailViewModel.swift */; };
		146E72AD2EC2BD8D00D20C53 /* MarkdownUI in Frameworks */ = {isa = PBXBuildFile; productRef = 146E72AC2EC2BD8D00D20C53 /* MarkdownUI */; };
		146E72AE2EC2905200D20C53 /* DatabaseManager+MedicalDocuments.swift in Sources */ = {isa = PBXBuildFile; fileRef = 146E72AD2EC2905200D20C53 /* DatabaseManager+MedicalDocuments.swift */; };
		146E72B02EC2905200D20C53 /* SectionEditorView.swift in Sources */ = {isa = PBXBuildFile; fileRef = 146E72AF2EC2905200D20C53 /* SectionEditorView.swift */; };
		14ADE5B02EF0B90100BB7C6C /* HealthKitManager.swift in Sources */ = {isa = PBXBuildFile; fileRef = 14ADE5AF2EF0B90100BB7C6C /* HealthKitManager.swift */; };
		14ADE5B22EF0B93F00BB7C6C /* VitalsAndSleepSection.swift in Sources */ = {isa = PBXBuildFile; fileRef = 14ADE5B12EF0B93F00BB7C6C /* VitalsAndSleepSection.swift */; };
		14ADE5B52EF0CFE000BB7C6C /* VitalEntryView.swift in Sources */ = {isa = PBXBuildFile; fileRef = 14ADE5B42EF0CFE000BB7C6C /* VitalEntryView.swift */; };
		14ADE5B72EF0CFF900BB7C6C /* RecentVitalsSection.swift in Sources */ = {isa = PBXBuildFile; fileRef = 14ADE5B62EF0CFF900BB7C6C /* RecentVitalsSection.swift */; };
		14ADE5B92EF0D35700BB7C6C /* VitalsListView.swift in Sources */ = {isa = PBXBuildFile; fileRef = 14ADE5B82EF0D35700BB7C6C /* VitalsListView.swift */; };
		14ADE5BB2EF0DC9100BB7C6C /* AIResponseCleaner.swift in Sources */ = {isa = PBXBuildFile; fileRef = 14ADE5BA2EF0DC9100BB7C6C /* AIResponseCleaner.swift */; };
		14FFBD332E7787E600FD9B75 /* Services/BloodTestMappingService.swift in Sources */ = {isa = PBXBuildFile; fileRef = 14FFBD322E7787E600FD9B75 /* Services/BloodTestMappingService.swift */; };
		14FFBD372E7787FA00FD9B75 /* Utils/BloodTestDataManager.swift in Sources */ = {isa = PBXBuildFile; fileRef = 14FFBD342E7787FA00FD9B75 /* Utils/BloodTestDataManager.swift */; };
		14FFBD392E77882B00FD9B75 /* Views/DropdownComponents.swift in Sources */ = {isa = PBXBuildFile; fileRef = 14FFBD382E77882B00FD9B75 /* Views/DropdownComponents.swift */; };
		14FFBD3B2E77894700FD9B75 /* Views/TestTypePickerView.swift in Sources */ = {isa = PBXBuildFile; fileRef = 14FFBD3A2E77894700FD9B75 /* Views/TestTypePickerView.swift */; };
		1F9QEPD2UW2P9MS5P9CK80LF /* DocumentCameraView.swift in Sources */ = {isa = PBXBuildFile; fileRef = TJTGVRTFG26S85KEDN8GRKOC /* DocumentCameraView.swift */; };
		2B6FA40C09E729A5527BDCEB /* NetworkRetryManager.swift in Sources */ = {isa = PBXBuildFile; fileRef = F8B3C606DD5E2444E3A41AEF /* NetworkRetryManager.swift */; };
		2ST9LWJHY9HLN9JAUETJL7PV /* DocumentProcessingIntegrationTests.swift in Sources */ = {isa = PBXBuildFile; fileRef = X2FUR2EIGX9DN3B94C5WK7ZW /* DocumentProcessingIntegrationTests.swift */; };
		313646423741443531333141 /* AccessibilityTests.swift in Sources */ = {isa = PBXBuildFile; fileRef = 363235363030414442423836 /* AccessibilityTests.swift */; };
		333132453133363839344239 /* AccessibilityModifiers.swift in Sources */ = {isa = PBXBuildFile; fileRef = 303741434636463836313336 /* AccessibilityModifiers.swift */; };
		3472925DE4F3A645FEBE6C53 /* Logger.swift in Sources */ = {isa = PBXBuildFile; fileRef = 6D3EA1C9995061054A565167 /* Logger.swift */; };
		354439384443443241413039 /* AccessibilityUITests.swift in Sources */ = {isa = PBXBuildFile; fileRef = 344433363046343643354239 /* AccessibilityUITests.swift */; };
		373331303130383939373544 /* AccessibilityColors.swift in Sources */ = {isa = PBXBuildFile; fileRef = 304643454332314443313245 /* AccessibilityColors.swift */; };
		43HH0I3NMSX1CRM70BL8CI6S /* DocumentsEmptyStateView.swift in Sources */ = {isa = PBXBuildFile; fileRef = VPH2F91KGGJDF3RNUODWYPQS /* DocumentsEmptyStateView.swift */; };
		463346414531383846334544 /* AccessibilityManager.swift in Sources */ = {isa = PBXBuildFile; fileRef = 303242343446444138303338 /* AccessibilityManager.swift */; };
		55083952F69E6067ECDDADD5 /* SettingsManager.swift in Sources */ = {isa = PBXBuildFile; fileRef = 50F48E6CF308D42C7D377B84 /* SettingsManager.swift */; };
		71ZC83NJYOBDVUVE3GBL4Y03 /* ChatIntegrationTests.swift in Sources */ = {isa = PBXBuildFile; fileRef = HYNQM0CARCBRUUTW45H5JKDS /* ChatIntegrationTests.swift */; };
		7CO9IFR74OOQNFSJ21MRX2MH /* BloodTestEntryView.swift in Sources */ = {isa = PBXBuildFile; fileRef = 4BW5WUU6KGW4FW27P56OH0SP /* BloodTestEntryView.swift */; };
		7ZX5UKY45TZCGS2CESWZPMPA /* DocumentListView.swift in Sources */ = {isa = PBXBuildFile; fileRef = Y1VVTRRYHBLDM8AGNTEPTN2P /* DocumentListView.swift */; };
		9CBBB35E3D9943619F51470C /* UnifiedContextSelectorView.swift in Sources */ = {isa = PBXBuildFile; fileRef = FF73574BCD254FCF859CBF45 /* UnifiedContextSelectorView.swift */; };
		9M14C5BR853LDAOI13LJFEVC /* ConnectionStatusBanner.swift in Sources */ = {isa = PBXBuildFile; fileRef = H5PWLI2D3XV5YLOY2MXETNVX /* ConnectionStatusBanner.swift */; };
		9O0FCK49MYM13GKA79G6AKO3 /* DataExportView.swift in Sources */ = {isa = PBXBuildFile; fileRef = NT56JAU0ZHTBNAFIAX8HH65W /* DataExportView.swift */; };
		A1000001294A0000000000001 /* HealthAppApp.swift in Sources */ = {isa = PBXBuildFile; fileRef = A1000002294A0000000000001 /* HealthAppApp.swift */; };
		A1000003294A0000000000001 /* ContentView.swift in Sources */ = {isa = PBXBuildFile; fileRef = A1000004294A0000000000001 /* ContentView.swift */; };
		A1000005294A0000000000001 /* Assets.xcassets in Resources */ = {isa = PBXBuildFile; fileRef = A1000006294A0000000000001 /* Assets.xcassets */; };
		A1000007294A0000000000001 /* Preview Assets.xcassets in Resources */ = {isa = PBXBuildFile; fileRef = A1000008294A0000000000001 /* Preview Assets.xcassets */; };
		A1000009294A0000000000001 /* SQLite in Frameworks */ = {isa = PBXBuildFile; productRef = A1000010294A0000000000001 /* SQLite */; };
		A1000020294A0000000000001 /* HealthDataProtocol.swift in Sources */ = {isa = PBXBuildFile; fileRef = A1000021294A0000000000001 /* HealthDataProtocol.swift */; };
		A1000022294A0000000000001 /* PersonalHealthInfo.swift in Sources */ = {isa = PBXBuildFile; fileRef = A1000023294A0000000000001 /* PersonalHealthInfo.swift */; };
		A1000024294A0000000000001 /* BloodTestResult.swift in Sources */ = {isa = PBXBuildFile; fileRef = A1000025294A0000000000001 /* BloodTestResult.swift */; };
		A1000026294A0000000000001 /* PlaceholderModels.swift in Sources */ = {isa = PBXBuildFile; fileRef = A1000027294A0000000000001 /* PlaceholderModels.swift */; };
		A1000028294A0000000000001 /* HealthDocument.swift in Sources */ = {isa = PBXBuildFile; fileRef = A1000029294A0000000000001 /* HealthDocument.swift */; };
		A1000030294A0000000000001 /* ChatModels.swift in Sources */ = {isa = PBXBuildFile; fileRef = A1000031294A0000000000001 /* ChatModels.swift */; };
		A1000031294A0000000000002 /* DocumentProcessingModels.swift in Sources */ = {isa = PBXBuildFile; fileRef = A1000032294A0000000000002 /* DocumentProcessingModels.swift */; };
		A1000032294A0000000000001 /* ModelTests.swift in Sources */ = {isa = PBXBuildFile; fileRef = A1000033294A0000000000001 /* ModelTests.swift */; };
		A1000042294A0000000000001 /* DatabaseManager.swift in Sources */ = {isa = PBXBuildFile; fileRef = A1000043294A0000000000001 /* DatabaseManager.swift */; };
		A1000044294A0000000000001 /* DatabaseManager+HealthData.swift in Sources */ = {isa = PBXBuildFile; fileRef = A1000045294A0000000000001 /* DatabaseManager+HealthData.swift */; };
		A1000046294A0000000000001 /* DatabaseManager+Documents.swift in Sources */ = {isa = PBXBuildFile; fileRef = A1000047294A0000000000001 /* DatabaseManager+Documents.swift */; };
		A1000048294A0000000000001 /* DatabaseManager+Chat.swift in Sources */ = {isa = PBXBuildFile; fileRef = A1000049294A0000000000001 /* DatabaseManager+Chat.swift */; };
		A1000052294A0000000000001 /* DatabaseTests.swift in Sources */ = {isa = PBXBuildFile; fileRef = A1000053294A0000000000001 /* DatabaseTests.swift */; };
		A1000054294A0000000000001 /* FileSystemManager.swift in Sources */ = {isa = PBXBuildFile; fileRef = A1000055294A0000000000001 /* FileSystemManager.swift */; };
		A1000055YAHI7QXGF2TWBDSYSE /* DuplicateBloodTestCandidate.swift in Sources */ = {isa = PBXBuildFile; fileRef = A1000007CN3CAO39PBJEZAXGEB /* DuplicateBloodTestCandidate.swift */; };
		A1000056294A0000000000001 /* DocumentImporter.swift in Sources */ = {isa = PBXBuildFile; fileRef = A1000057294A0000000000001 /* DocumentImporter.swift */; };
		A1000058294A0000000000001 /* DocumentExporter.swift in Sources */ = {isa = PBXBuildFile; fileRef = A1000059294A0000000000001 /* DocumentExporter.swift */; };
		A100005GBD03QSQI2B4SK0KVT0 /* BloodTestValueValidator.swift in Sources */ = {isa = PBXBuildFile; fileRef = A10000G6I56H4YKX4HX3MKK5UE /* BloodTestValueValidator.swift */; };
		A1000060294A0000000000001 /* FileSystemTests.swift in Sources */ = {isa = PBXBuildFile; fileRef = A1000061294A0000000000001 /* FileSystemTests.swift */; };
		A1000062294A0000000000001 /* OllamaClient.swift in Sources */ = {isa = PBXBuildFile; fileRef = A1000063294A0000000000001 /* OllamaClient.swift */; };
		A1000064294A0000000000001 /* DoclingClient.swift in Sources */ = {isa = PBXBuildFile; fileRef = A1000065294A0000000000001 /* DoclingClient.swift */; };
		A1000066294A0000000000001 /* AIProviderInterface.swift in Sources */ = {isa = PBXBuildFile; fileRef = A1000067294A0000000000001 /* AIProviderInterface.swift */; };
		A1000068294A0000000000001 /* ServiceClientTests.swift in Sources */ = {isa = PBXBuildFile; fileRef = A1000069294A0000000000001 /* ServiceClientTests.swift */; };
		A1000070294A0000000000001 /* HealthDataManager.swift in Sources */ = {isa = PBXBuildFile; fileRef = A1000071294A0000000000001 /* HealthDataManager.swift */; };
		A1000072294A0000000000001 /* Keychain.swift in Sources */ = {isa = PBXBuildFile; fileRef = A1000073294A0000000000001 /* Keychain.swift */; };
		A1000073294A0000000000002 /* ServerConfigurationConstants.swift in Sources */ = {isa = PBXBuildFile; fileRef = A1000073294A0000000000003 /* ServerConfigurationConstants.swift */; };
		A1000074294A0000000000001 /* HealthDataManagerTests.swift in Sources */ = {isa = PBXBuildFile; fileRef = A1000075294A0000000000001 /* HealthDataManagerTests.swift */; };
		A10000X6PP0AIOVJSYPSP3LJFU /* DuplicateBloodTestReviewView.swift in Sources */ = {isa = PBXBuildFile; fileRef = A10000R5WCN5TCBELL9IW4K5PU /* DuplicateBloodTestReviewView.swift */; };
		A1A70FBBEDC4A486B86AF5CC1 /* DocumentProcessor.swift in Sources */ = {isa = PBXBuildFile; fileRef = AC40C20EB59DC4A99B351C991 /* DocumentProcessor.swift */; };
		A44114E5B1EEE479D907F01F1 /* DocumentManager.swift in Sources */ = {isa = PBXBuildFile; fileRef = AA2EE0B4386A2495D857A88A1 /* DocumentManager.swift */; };
		A8787ADDA02C141129A43C311 /* AIChatManager.swift in Sources */ = {isa = PBXBuildFile; fileRef = ADE33702D7631403A9F76CF91 /* AIChatManager.swift */; };
		ABC123456789BACKUP00001 /* iCloudBackupManager.swift in Sources */ = {isa = PBXBuildFile; fileRef = DEF123456789BACKUP00001 /* iCloudBackupManager.swift */; };
		ABC123456789BACKUP00002 /* BackupManagementView.swift in Sources */ = {isa = PBXBuildFile; fileRef = DEF123456789BACKUP00002 /* BackupManagementView.swift */; };
		ABC123456789BACKUP00003 /* iCloudBackupTests.swift in Sources */ = {isa = PBXBuildFile; fileRef = DEF123456789BACKUP00003 /* iCloudBackupTests.swift */; };
		AP42ZSRFIED99JHF9ESMG04E /* StorageUsageView.swift in Sources */ = {isa = PBXBuildFile; fileRef = MNA0K5J601OOV5MOXO8NM2QE /* StorageUsageView.swift */; };
		B057FA8E00D31E05DA99C601 /* ErrorHandler.swift in Sources */ = {isa = PBXBuildFile; fileRef = 1E116E0E8FDE1B6568C46022 /* ErrorHandler.swift */; };
		CONV01002EA12E9900999004 /* ConversationExporter.swift in Sources */ = {isa = PBXBuildFile; fileRef = CONV02002EA12E9900999004 /* ConversationExporter.swift */; };
		D715EC3156258AF86CC36B19 /* SettingsView.swift in Sources */ = {isa = PBXBuildFile; fileRef = 7DBD421D8370DAE5B6FC9FB1 /* SettingsView.swift */; };
		DAKEHVX3PRFCWWBDV195L0XK /* PrivacyPolicyView.swift in Sources */ = {isa = PBXBuildFile; fileRef = AIAG7W668IFF83784YB3RB7X /* PrivacyPolicyView.swift */; };
		E1LR7NDJ7EA22H8V9OIXR2C0 /* PersonalInfoEditorView.swift in Sources */ = {isa = PBXBuildFile; fileRef = 4E7K7961SOXCM9NZG54GJSWT /* PersonalInfoEditorView.swift */; };
		HEALTHCHECK001 /* HealthCheckupsSection.swift in Sources */ = {isa = PBXBuildFile; fileRef = HEALTHCHECK002 /* HealthCheckupsSection.swift */; };
		HIPAA001B /* AppSettingsManager.swift in Sources */ = {isa = PBXBuildFile; fileRef = HIPAA001 /* AppSettingsManager.swift */; };
		HIPAA002B /* FirstLaunchDisclaimerView.swift in Sources */ = {isa = PBXBuildFile; fileRef = HIPAA002 /* FirstLaunchDisclaimerView.swift */; };
		HIPAA003B /* DatabaseManager+AppSettings.swift in Sources */ = {isa = PBXBuildFile; fileRef = HIPAA003 /* DatabaseManager+AppSettings.swift */; };
		HIPAA004B /* UserDefaults+FirstLaunch.swift in Sources */ = {isa = PBXBuildFile; fileRef = HIPAA004 /* UserDefaults+FirstLaunch.swift */; };
		HVEVO4VP2C5DO0OWDCKXNSUK /* AIChatManagerTests.swift in Sources */ = {isa = PBXBuildFile; fileRef = TM2Z1HXTNI47WFGUI4E4DTUX /* AIChatManagerTests.swift */; };
		IMGREPORTS001 /* ImagingReportsSection.swift in Sources */ = {isa = PBXBuildFile; fileRef = IMGREPORTS002 /* ImagingReportsSection.swift */; };
		IRSX6IS1ZMAC81MWY2AQTAZP /* MessageListView.swift in Sources */ = {isa = PBXBuildFile; fileRef = B54XV28LKQRVEL6J8Y9RG0LV /* MessageListView.swift */; };
		LOSQDJES9EGI21A07Y300YP6 /* BloodTestsSection.swift in Sources */ = {isa = PBXBuildFile; fileRef = 5Q3O2CW0GZUTH37O9VYRYHNB /* BloodTestsSection.swift */; };
		MEDDOCEXT001 /* MedicalDocumentExtractor.swift in Sources */ = {isa = PBXBuildFile; fileRef = MEDDOCEXT002 /* MedicalDocumentExtractor.swift */; };
		NOGIZO9RJZY59O1P2JP03MX6 /* HealthDataContextSelector.swift in Sources */ = {isa = PBXBuildFile; fileRef = C47R3GLE8ZL9GEWLU8EZBYS7 /* HealthDataContextSelector.swift */; };
		NT20AFK0ZJQNCCEN36P78GO5 /* PersonalInfoSection.swift in Sources */ = {isa = PBXBuildFile; fileRef = 0Y1MC9GHL1TTUP942IFCRTGC /* PersonalInfoSection.swift */; };
		NYKH99Y51U8QC2SPCELX794F /* MessageInputView.swift in Sources */ = {isa = PBXBuildFile; fileRef = AQ7DKUB9GNYSQ10XLLHVY64B /* MessageInputView.swift */; };
		SUP001002EA12E9900999001 /* SupplementsListView.swift in Sources */ = {isa = PBXBuildFile; fileRef = SUP002002EA12E9900999001 /* SupplementsListView.swift */; };
		SUP003002EA12E9900999002 /* SupplementEditorView.swift in Sources */ = {isa = PBXBuildFile; fileRef = SUP004002EA12E9900999002 /* SupplementEditorView.swift */; };
		SUP005002EA12E9900999003 /* SupplementSelectorView.swift in Sources */ = {isa = PBXBuildFile; fileRef = SUP006002EA12E9900999003 /* SupplementSelectorView.swift */; };
		UIEVFK9VPU7LZN0L7R90WQXY /* TermsOfServiceView.swift in Sources */ = {isa = PBXBuildFile; fileRef = 68TBOYDGRQT6IRB18T17XXF7 /* TermsOfServiceView.swift */; };
		UJKK8BJBQIGWWOLORVC6PAXY /* ChatEmptyStateView.swift in Sources */ = {isa = PBXBuildFile; fileRef = 0LFKQL33BRDWI1HZ310C0FW4 /* ChatEmptyStateView.swift */; };
		XK3TMWNMQQM5L5H14WFZE3H5 /* ConversationListView.swift in Sources */ = {isa = PBXBuildFile; fileRef = I8L71EM4RJ5CIBEC2USO4YGT /* ConversationListView.swift */; };
/* End PBXBuildFile section */

/* Begin PBXContainerItemProxy section */
		A1000077294A0000000000001 /* PBXContainerItemProxy */ = {
			isa = PBXContainerItemProxy;
			containerPortal = A1000000294A0000000000005 /* Project object */;
			proxyType = 1;
			remoteGlobalIDString = A1000000294A0000000000001;
			remoteInfo = HealthApp;
		};
/* End PBXContainerItemProxy section */

/* Begin PBXFileReference section */
		0LFKQL33BRDWI1HZ310C0FW4 /* ChatEmptyStateView.swift */ = {isa = PBXFileReference; lastKnownFileType = sourcecode.swift; path = ChatEmptyStateView.swift; sourceTree = "<group>"; };
		0Y1MC9GHL1TTUP942IFCRTGC /* PersonalInfoSection.swift */ = {isa = PBXFileReference; lastKnownFileType = sourcecode.swift; path = PersonalInfoSection.swift; sourceTree = "<group>"; };
		142348162EA07B3300059087 /* NetworkError.swift */ = {isa = PBXFileReference; lastKnownFileType = sourcecode.swift; path = NetworkError.swift; sourceTree = "<group>"; };
		142348172EA07B3300059087 /* NetworkManager.swift */ = {isa = PBXFileReference; lastKnownFileType = sourcecode.swift; path = NetworkManager.swift; sourceTree = "<group>"; };
		142348182EA07B3300059087 /* PendingOperationsManager.swift */ = {isa = PBXFileReference; lastKnownFileType = sourcecode.swift; path = PendingOperationsManager.swift; sourceTree = "<group>"; };
		1423481D2EA07B4E00059087 /* OfflineIndicatorView.swift */ = {isa = PBXFileReference; lastKnownFileType = sourcecode.swift; path = OfflineIndicatorView.swift; sourceTree = "<group>"; };
		1423481F2EA07B6300059087 /* NetworkingTests.swift */ = {isa = PBXFileReference; lastKnownFileType = sourcecode.swift; path = NetworkingTests.swift; sourceTree = "<group>"; };
		142348212EA07F5D00059087 /* OpenAICompatibleSettingsView.swift */ = {isa = PBXFileReference; lastKnownFileType = sourcecode.swift; path = OpenAICompatibleSettingsView.swift; sourceTree = "<group>"; };
		142348232EA07F6D00059087 /* OpenAICompatibleClient.swift */ = {isa = PBXFileReference; lastKnownFileType = sourcecode.swift; path = OpenAICompatibleClient.swift; sourceTree = "<group>"; };
		142348252EA07F5D00059087 /* AIContextSelectorView.swift */ = {isa = PBXFileReference; lastKnownFileType = sourcecode.swift; path = AIContextSelectorView.swift; sourceTree = "<group>"; };
		1427C64B02E66847000EBEFB0 /* DocumentTypeSelectorView.swift */ = {isa = PBXFileReference; lastKnownFileType = sourcecode.swift; path = DocumentTypeSelectorView.swift; sourceTree = "<group>"; };
		1427C64C2E66847000EBEFB0 /* BatchProcessingView.swift */ = {isa = PBXFileReference; lastKnownFileType = sourcecode.swift; path = BatchProcessingView.swift; sourceTree = "<group>"; };
		1427C64D2E66847000EBEFB0 /* ChatDetailView.swift */ = {isa = PBXFileReference; lastKnownFileType = sourcecode.swift; path = ChatDetailView.swift; sourceTree = "<group>"; };
		1427C64E2E66847000EBEFB0 /* ConversationSidebarView.swift */ = {isa = PBXFileReference; lastKnownFileType = sourcecode.swift; path = ConversationSidebarView.swift; sourceTree = "<group>"; };
		1427C64F2E66847000EBEFB0 /* DocumentDetailView.swift */ = {isa = PBXFileReference; lastKnownFileType = sourcecode.swift; path = DocumentDetailView.swift; sourceTree = "<group>"; };
		1427C6502E66847000EBEFB0 /* DocumentFilterView.swift */ = {isa = PBXFileReference; lastKnownFileType = sourcecode.swift; path = DocumentFilterView.swift; sourceTree = "<group>"; };
		1427C6512E66847000EBEFB0 /* DocumentGridView.swift */ = {isa = PBXFileReference; lastKnownFileType = sourcecode.swift; path = DocumentGridView.swift; sourceTree = "<group>"; };
		1427C6522E66847000EBEFB0 /* DocumentKeyboardShortcuts.swift */ = {isa = PBXFileReference; lastKnownFileType = sourcecode.swift; path = DocumentKeyboardShortcuts.swift; sourceTree = "<group>"; };
		1434468E2E788ED300961754 /* Doctor.swift */ = {isa = PBXFileReference; lastKnownFileType = sourcecode.swift; path = Doctor.swift; sourceTree = "<group>"; };
		143446902E788EE800961754 /* DoctorSelectorView.swift */ = {isa = PBXFileReference; lastKnownFileType = sourcecode.swift; path = DoctorSelectorView.swift; sourceTree = "<group>"; };
		143446922E78B62F00961754 /* FamilyHistoryEditorView.swift */ = {isa = PBXFileReference; lastKnownFileType = sourcecode.swift; path = FamilyHistoryEditorView.swift; sourceTree = "<group>"; };
		143446932E78B62F00961754 /* MedicationEditorView.swift */ = {isa = PBXFileReference; lastKnownFileType = sourcecode.swift; path = MedicationEditorView.swift; sourceTree = "<group>"; };
		143446942E78B62F00961754 /* MedicationsListView.swift */ = {isa = PBXFileReference; lastKnownFileType = sourcecode.swift; path = MedicationsListView.swift; sourceTree = "<group>"; };
		143446982E78BC8300961754 /* PersonalMedicalHistoryView.swift */ = {isa = PBXFileReference; lastKnownFileType = sourcecode.swift; path = PersonalMedicalHistoryView.swift; sourceTree = "<group>"; };
		1434469A2E78BCAC00961754 /* MedicalConditionEditorView.swift */ = {isa = PBXFileReference; lastKnownFileType = sourcecode.swift; path = MedicalConditionEditorView.swift; sourceTree = "<group>"; };
		143446A32E78E68500961754 /* AWSBedrockSettingsView.swift */ = {isa = PBXFileReference; lastKnownFileType = sourcecode.swift; path = AWSBedrockSettingsView.swift; sourceTree = "<group>"; };
		143446A72E78E6FC00961754 /* AWSCredentialsHelper.swift */ = {isa = PBXFileReference; lastKnownFileType = sourcecode.swift; path = AWSCredentialsHelper.swift; sourceTree = "<group>"; };
		143446A82E78E6FC00961754 /* AWSCredentialsManager.swift */ = {isa = PBXFileReference; lastKnownFileType = sourcecode.swift; path = AWSCredentialsManager.swift; sourceTree = "<group>"; };
		143446A92E78E6FC00961754 /* BedrockClient.swift */ = {isa = PBXFileReference; lastKnownFileType = sourcecode.swift; path = BedrockClient.swift; sourceTree = "<group>"; };
		145D8D322EA1941E000BB28A /* OllamaSettingsView.swift */ = {isa = PBXFileReference; lastKnownFileType = sourcecode.swift; path = OllamaSettingsView.swift; sourceTree = "<group>"; };
		146E72A72EC2903F00D20C53 /* MedicalDocument.swift */ = {isa = PBXFileReference; lastKnownFileType = sourcecode.swift; path = MedicalDocument.swift; sourceTree = "<group>"; };
		146E72A92EC2905200D20C53 /* MedicalDocumentDetailView.swift */ = {isa = PBXFileReference; lastKnownFileType = sourcecode.swift; path = MedicalDocumentDetailView.swift; sourceTree = "<group>"; };
		146E72AB2EC2905200D20C53 /* MedicalDocumentDetailViewModel.swift */ = {isa = PBXFileReference; lastKnownFileType = sourcecode.swift; path = MedicalDocumentDetailViewModel.swift; sourceTree = "<group>"; };
		146E72AD2EC2905200D20C53 /* DatabaseManager+MedicalDocuments.swift */ = {isa = PBXFileReference; lastKnownFileType = sourcecode.swift; path = "DatabaseManager+MedicalDocuments.swift"; sourceTree = "<group>"; };
		146E72AF2EC2905200D20C53 /* SectionEditorView.swift */ = {isa = PBXFileReference; lastKnownFileType = sourcecode.swift; path = SectionEditorView.swift; sourceTree = "<group>"; };
		14ADE5AF2EF0B90100BB7C6C /* HealthKitManager.swift */ = {isa = PBXFileReference; lastKnownFileType = sourcecode.swift; path = HealthKitManager.swift; sourceTree = "<group>"; };
		14ADE5B12EF0B93F00BB7C6C /* VitalsAndSleepSection.swift */ = {isa = PBXFileReference; lastKnownFileType = sourcecode.swift; path = VitalsAndSleepSection.swift; sourceTree = "<group>"; };
		14ADE5B32EF0BA3A00BB7C6C /* Info.plist */ = {isa = PBXFileReference; lastKnownFileType = text.plist.xml; path = Info.plist; sourceTree = "<group>"; };
		14ADE5B42EF0CFE000BB7C6C /* VitalEntryView.swift */ = {isa = PBXFileReference; lastKnownFileType = sourcecode.swift; path = VitalEntryView.swift; sourceTree = "<group>"; };
		14ADE5B62EF0CFF900BB7C6C /* RecentVitalsSection.swift */ = {isa = PBXFileReference; lastKnownFileType = sourcecode.swift; path = RecentVitalsSection.swift; sourceTree = "<group>"; };
		14ADE5B82EF0D35700BB7C6C /* VitalsListView.swift */ = {isa = PBXFileReference; lastKnownFileType = sourcecode.swift; path = VitalsListView.swift; sourceTree = "<group>"; };
		14ADE5BA2EF0DC9100BB7C6C /* AIResponseCleaner.swift */ = {isa = PBXFileReference; lastKnownFileType = sourcecode.swift; path = AIResponseCleaner.swift; sourceTree = "<group>"; };
		14FFBD322E7787E600FD9B75 /* Services/BloodTestMappingService.swift */ = {isa = PBXFileReference; lastKnownFileType = sourcecode.swift; path = Services/BloodTestMappingService.swift; sourceTree = "<group>"; };
		14FFBD342E7787FA00FD9B75 /* Utils/BloodTestDataManager.swift */ = {isa = PBXFileReference; lastKnownFileType = sourcecode.swift; path = Utils/BloodTestDataManager.swift; sourceTree = "<group>"; };
		14FFBD382E77882B00FD9B75 /* Views/DropdownComponents.swift */ = {isa = PBXFileReference; lastKnownFileType = sourcecode.swift; path = Views/DropdownComponents.swift; sourceTree = "<group>"; };
		14FFBD3A2E77894700FD9B75 /* Views/TestTypePickerView.swift */ = {isa = PBXFileReference; lastKnownFileType = sourcecode.swift; path = Views/TestTypePickerView.swift; sourceTree = "<group>"; };
		1E116E0E8FDE1B6568C46022 /* ErrorHandler.swift */ = {isa = PBXFileReference; lastKnownFileType = sourcecode.swift; path = ErrorHandler.swift; sourceTree = "<group>"; };
		303242343446444138303338 /* AccessibilityManager.swift */ = {isa = PBXFileReference; lastKnownFileType = sourcecode.swift; path = AccessibilityManager.swift; sourceTree = "<group>"; };
		303741434636463836313336 /* AccessibilityModifiers.swift */ = {isa = PBXFileReference; lastKnownFileType = sourcecode.swift; path = AccessibilityModifiers.swift; sourceTree = "<group>"; };
		304643454332314443313245 /* AccessibilityColors.swift */ = {isa = PBXFileReference; lastKnownFileType = sourcecode.swift; path = AccessibilityColors.swift; sourceTree = "<group>"; };
		344433363046343643354239 /* AccessibilityUITests.swift */ = {isa = PBXFileReference; lastKnownFileType = sourcecode.swift; path = AccessibilityUITests.swift; sourceTree = "<group>"; };
		363235363030414442423836 /* AccessibilityTests.swift */ = {isa = PBXFileReference; lastKnownFileType = sourcecode.swift; path = AccessibilityTests.swift; sourceTree = "<group>"; };
		4BW5WUU6KGW4FW27P56OH0SP /* BloodTestEntryView.swift */ = {isa = PBXFileReference; lastKnownFileType = sourcecode.swift; path = BloodTestEntryView.swift; sourceTree = "<group>"; };
		4E7K7961SOXCM9NZG54GJSWT /* PersonalInfoEditorView.swift */ = {isa = PBXFileReference; lastKnownFileType = sourcecode.swift; path = PersonalInfoEditorView.swift; sourceTree = "<group>"; };
		50F48E6CF308D42C7D377B84 /* SettingsManager.swift */ = {isa = PBXFileReference; lastKnownFileType = sourcecode.swift; path = SettingsManager.swift; sourceTree = "<group>"; };
		5Q3O2CW0GZUTH37O9VYRYHNB /* BloodTestsSection.swift */ = {isa = PBXFileReference; lastKnownFileType = sourcecode.swift; path = BloodTestsSection.swift; sourceTree = "<group>"; };
		68TBOYDGRQT6IRB18T17XXF7 /* TermsOfServiceView.swift */ = {isa = PBXFileReference; lastKnownFileType = sourcecode.swift; path = TermsOfServiceView.swift; sourceTree = "<group>"; };
		6D3EA1C9995061054A565167 /* Logger.swift */ = {isa = PBXFileReference; lastKnownFileType = sourcecode.swift; path = Logger.swift; sourceTree = "<group>"; };
		7DBD421D8370DAE5B6FC9FB1 /* SettingsView.swift */ = {isa = PBXFileReference; lastKnownFileType = sourcecode.swift; path = SettingsView.swift; sourceTree = "<group>"; };
		A1000001294A0000000000000 /* HealthApp.app */ = {isa = PBXFileReference; explicitFileType = wrapper.application; includeInIndex = 0; path = HealthApp.app; sourceTree = BUILT_PRODUCTS_DIR; };
		A1000002294A0000000000001 /* HealthAppApp.swift */ = {isa = PBXFileReference; lastKnownFileType = sourcecode.swift; path = HealthAppApp.swift; sourceTree = "<group>"; };
		A1000004294A0000000000001 /* ContentView.swift */ = {isa = PBXFileReference; lastKnownFileType = sourcecode.swift; path = ContentView.swift; sourceTree = "<group>"; };
		A1000006294A0000000000001 /* Assets.xcassets */ = {isa = PBXFileReference; lastKnownFileType = folder.assetcatalog; path = Assets.xcassets; sourceTree = "<group>"; };
		A1000007CN3CAO39PBJEZAXGEB /* DuplicateBloodTestCandidate.swift */ = {isa = PBXFileReference; lastKnownFileType = sourcecode.swift; path = DuplicateBloodTestCandidate.swift; sourceTree = "<group>"; };
		A1000008294A0000000000001 /* Preview Assets.xcassets */ = {isa = PBXFileReference; lastKnownFileType = folder.assetcatalog; path = "Preview Assets.xcassets"; sourceTree = "<group>"; };
		A1000021294A0000000000001 /* HealthDataProtocol.swift */ = {isa = PBXFileReference; lastKnownFileType = sourcecode.swift; path = HealthDataProtocol.swift; sourceTree = "<group>"; };
		A1000023294A0000000000001 /* PersonalHealthInfo.swift */ = {isa = PBXFileReference; lastKnownFileType = sourcecode.swift; path = PersonalHealthInfo.swift; sourceTree = "<group>"; };
		A1000025294A0000000000001 /* BloodTestResult.swift */ = {isa = PBXFileReference; lastKnownFileType = sourcecode.swift; path = BloodTestResult.swift; sourceTree = "<group>"; };
		A1000027294A0000000000001 /* PlaceholderModels.swift */ = {isa = PBXFileReference; lastKnownFileType = sourcecode.swift; path = PlaceholderModels.swift; sourceTree = "<group>"; };
		A1000029294A0000000000001 /* HealthDocument.swift */ = {isa = PBXFileReference; lastKnownFileType = sourcecode.swift; path = HealthDocument.swift; sourceTree = "<group>"; };
		A1000031294A0000000000001 /* ChatModels.swift */ = {isa = PBXFileReference; lastKnownFileType = sourcecode.swift; path = ChatModels.swift; sourceTree = "<group>"; };
		A1000032294A0000000000002 /* DocumentProcessingModels.swift */ = {isa = PBXFileReference; lastKnownFileType = sourcecode.swift; path = DocumentProcessingModels.swift; sourceTree = "<group>"; };
		A1000033294A0000000000001 /* ModelTests.swift */ = {isa = PBXFileReference; lastKnownFileType = sourcecode.swift; path = ModelTests.swift; sourceTree = "<group>"; };
		A1000034294A0000000000001 /* HealthAppTests.xctest */ = {isa = PBXFileReference; explicitFileType = wrapper.cfbundle; includeInIndex = 0; path = HealthAppTests.xctest; sourceTree = BUILT_PRODUCTS_DIR; };
		A1000043294A0000000000001 /* DatabaseManager.swift */ = {isa = PBXFileReference; lastKnownFileType = sourcecode.swift; path = DatabaseManager.swift; sourceTree = "<group>"; };
		A1000045294A0000000000001 /* DatabaseManager+HealthData.swift */ = {isa = PBXFileReference; lastKnownFileType = sourcecode.swift; path = "DatabaseManager+HealthData.swift"; sourceTree = "<group>"; };
		A1000047294A0000000000001 /* DatabaseManager+Documents.swift */ = {isa = PBXFileReference; lastKnownFileType = sourcecode.swift; path = "DatabaseManager+Documents.swift"; sourceTree = "<group>"; };
		A1000049294A0000000000001 /* DatabaseManager+Chat.swift */ = {isa = PBXFileReference; lastKnownFileType = sourcecode.swift; path = "DatabaseManager+Chat.swift"; sourceTree = "<group>"; };
		A1000053294A0000000000001 /* DatabaseTests.swift */ = {isa = PBXFileReference; lastKnownFileType = sourcecode.swift; path = DatabaseTests.swift; sourceTree = "<group>"; };
		A1000055294A0000000000001 /* FileSystemManager.swift */ = {isa = PBXFileReference; lastKnownFileType = sourcecode.swift; path = FileSystemManager.swift; sourceTree = "<group>"; };
		A1000057294A0000000000001 /* DocumentImporter.swift */ = {isa = PBXFileReference; lastKnownFileType = sourcecode.swift; path = DocumentImporter.swift; sourceTree = "<group>"; };
		A1000059294A0000000000001 /* DocumentExporter.swift */ = {isa = PBXFileReference; lastKnownFileType = sourcecode.swift; path = DocumentExporter.swift; sourceTree = "<group>"; };
		A1000061294A0000000000001 /* FileSystemTests.swift */ = {isa = PBXFileReference; lastKnownFileType = sourcecode.swift; path = FileSystemTests.swift; sourceTree = "<group>"; };
		A1000063294A0000000000001 /* OllamaClient.swift */ = {isa = PBXFileReference; lastKnownFileType = sourcecode.swift; path = OllamaClient.swift; sourceTree = "<group>"; };
		A1000065294A0000000000001 /* DoclingClient.swift */ = {isa = PBXFileReference; lastKnownFileType = sourcecode.swift; path = DoclingClient.swift; sourceTree = "<group>"; };
		A1000067294A0000000000001 /* AIProviderInterface.swift */ = {isa = PBXFileReference; lastKnownFileType = sourcecode.swift; path = AIProviderInterface.swift; sourceTree = "<group>"; };
		A1000069294A0000000000001 /* ServiceClientTests.swift */ = {isa = PBXFileReference; lastKnownFileType = sourcecode.swift; path = ServiceClientTests.swift; sourceTree = "<group>"; };
		A1000071294A0000000000001 /* HealthDataManager.swift */ = {isa = PBXFileReference; lastKnownFileType = sourcecode.swift; path = HealthDataManager.swift; sourceTree = "<group>"; };
		A1000073294A0000000000001 /* Keychain.swift */ = {isa = PBXFileReference; lastKnownFileType = sourcecode.swift; path = Keychain.swift; sourceTree = "<group>"; };
		A1000073294A0000000000003 /* ServerConfigurationConstants.swift */ = {isa = PBXFileReference; lastKnownFileType = sourcecode.swift; path = ServerConfigurationConstants.swift; sourceTree = "<group>"; };
		A1000075294A0000000000001 /* HealthDataManagerTests.swift */ = {isa = PBXFileReference; lastKnownFileType = sourcecode.swift; path = HealthDataManagerTests.swift; sourceTree = "<group>"; };
		A10000G6I56H4YKX4HX3MKK5UE /* BloodTestValueValidator.swift */ = {isa = PBXFileReference; lastKnownFileType = sourcecode.swift; path = BloodTestValueValidator.swift; sourceTree = "<group>"; };
		A10000R5WCN5TCBELL9IW4K5PU /* DuplicateBloodTestReviewView.swift */ = {isa = PBXFileReference; lastKnownFileType = sourcecode.swift; path = DuplicateBloodTestReviewView.swift; sourceTree = "<group>"; };
		AA2EE0B4386A2495D857A88A1 /* DocumentManager.swift */ = {isa = PBXFileReference; lastKnownFileType = sourcecode.swift; path = DocumentManager.swift; sourceTree = "<group>"; };
		AC40C20EB59DC4A99B351C991 /* DocumentProcessor.swift */ = {isa = PBXFileReference; lastKnownFileType = sourcecode.swift; path = DocumentProcessor.swift; sourceTree = "<group>"; };
		ADE33702D7631403A9F76CF91 /* AIChatManager.swift */ = {isa = PBXFileReference; lastKnownFileType = sourcecode.swift; path = AIChatManager.swift; sourceTree = "<group>"; };
		AIAG7W668IFF83784YB3RB7X /* PrivacyPolicyView.swift */ = {isa = PBXFileReference; lastKnownFileType = sourcecode.swift; path = PrivacyPolicyView.swift; sourceTree = "<group>"; };
		AQ7DKUB9GNYSQ10XLLHVY64B /* MessageInputView.swift */ = {isa = PBXFileReference; lastKnownFileType = sourcecode.swift; path = MessageInputView.swift; sourceTree = "<group>"; };
		B54XV28LKQRVEL6J8Y9RG0LV /* MessageListView.swift */ = {isa = PBXFileReference; lastKnownFileType = sourcecode.swift; path = MessageListView.swift; sourceTree = "<group>"; };
		C47R3GLE8ZL9GEWLU8EZBYS7 /* HealthDataContextSelector.swift */ = {isa = PBXFileReference; lastKnownFileType = sourcecode.swift; path = HealthDataContextSelector.swift; sourceTree = "<group>"; };
		CONV02002EA12E9900999004 /* ConversationExporter.swift */ = {isa = PBXFileReference; lastKnownFileType = sourcecode.swift; path = ConversationExporter.swift; sourceTree = "<group>"; };
		DEF123456789BACKUP00001 /* iCloudBackupManager.swift */ = {isa = PBXFileReference; lastKnownFileType = sourcecode.swift; path = iCloudBackupManager.swift; sourceTree = "<group>"; };
		DEF123456789BACKUP00002 /* BackupManagementView.swift */ = {isa = PBXFileReference; lastKnownFileType = sourcecode.swift; path = BackupManagementView.swift; sourceTree = "<group>"; };
		DEF123456789BACKUP00003 /* iCloudBackupTests.swift */ = {isa = PBXFileReference; lastKnownFileType = sourcecode.swift; path = iCloudBackupTests.swift; sourceTree = "<group>"; };
		ENT123456789ENTITLE0001 /* HealthApp.entitlements */ = {isa = PBXFileReference; lastKnownFileType = text.plist.entitlements; path = HealthApp.entitlements; sourceTree = "<group>"; };
		F8B3C606DD5E2444E3A41AEF /* NetworkRetryManager.swift */ = {isa = PBXFileReference; lastKnownFileType = sourcecode.swift; path = NetworkRetryManager.swift; sourceTree = "<group>"; };
		FF73574BCD254FCF859CBF45 /* UnifiedContextSelectorView.swift */ = {isa = PBXFileReference; lastKnownFileType = sourcecode.swift; path = UnifiedContextSelectorView.swift; sourceTree = "<group>"; };
		H5PWLI2D3XV5YLOY2MXETNVX /* ConnectionStatusBanner.swift */ = {isa = PBXFileReference; lastKnownFileType = sourcecode.swift; path = ConnectionStatusBanner.swift; sourceTree = "<group>"; };
		HEALTHCHECK002 /* HealthCheckupsSection.swift */ = {isa = PBXFileReference; lastKnownFileType = sourcecode.swift; path = HealthCheckupsSection.swift; sourceTree = "<group>"; };
		HIPAA001 /* AppSettingsManager.swift */ = {isa = PBXFileReference; lastKnownFileType = sourcecode.swift; path = AppSettingsManager.swift; sourceTree = "<group>"; };
		HIPAA002 /* FirstLaunchDisclaimerView.swift */ = {isa = PBXFileReference; lastKnownFileType = sourcecode.swift; path = FirstLaunchDisclaimerView.swift; sourceTree = "<group>"; };
		HIPAA003 /* DatabaseManager+AppSettings.swift */ = {isa = PBXFileReference; lastKnownFileType = sourcecode.swift; path = "DatabaseManager+AppSettings.swift"; sourceTree = "<group>"; };
		HIPAA004 /* UserDefaults+FirstLaunch.swift */ = {isa = PBXFileReference; lastKnownFileType = sourcecode.swift; path = "UserDefaults+FirstLaunch.swift"; sourceTree = "<group>"; };
		HYNQM0CARCBRUUTW45H5JKDS /* ChatIntegrationTests.swift */ = {isa = PBXFileReference; lastKnownFileType = sourcecode.swift; path = ChatIntegrationTests.swift; sourceTree = "<group>"; };
		I8L71EM4RJ5CIBEC2USO4YGT /* ConversationListView.swift */ = {isa = PBXFileReference; lastKnownFileType = sourcecode.swift; path = ConversationListView.swift; sourceTree = "<group>"; };
		IMGREPORTS002 /* ImagingReportsSection.swift */ = {isa = PBXFileReference; lastKnownFileType = sourcecode.swift; path = ImagingReportsSection.swift; sourceTree = "<group>"; };
		JKVCJWYEAZSCXB3P1NWATHB1 /* PlaceholderSection.swift */ = {isa = PBXFileReference; lastKnownFileType = sourcecode.swift; path = PlaceholderSection.swift; sourceTree = "<group>"; };
		MEDDOCEXT002 /* MedicalDocumentExtractor.swift */ = {isa = PBXFileReference; lastKnownFileType = sourcecode.swift; path = MedicalDocumentExtractor.swift; sourceTree = "<group>"; };
		MNA0K5J601OOV5MOXO8NM2QE /* StorageUsageView.swift */ = {isa = PBXFileReference; lastKnownFileType = sourcecode.swift; path = StorageUsageView.swift; sourceTree = "<group>"; };
		NT56JAU0ZHTBNAFIAX8HH65W /* DataExportView.swift */ = {isa = PBXFileReference; lastKnownFileType = sourcecode.swift; path = DataExportView.swift; sourceTree = "<group>"; };
		SUP002002EA12E9900999001 /* SupplementsListView.swift */ = {isa = PBXFileReference; lastKnownFileType = sourcecode.swift; path = SupplementsListView.swift; sourceTree = "<group>"; };
		SUP004002EA12E9900999002 /* SupplementEditorView.swift */ = {isa = PBXFileReference; lastKnownFileType = sourcecode.swift; path = SupplementEditorView.swift; sourceTree = "<group>"; };
		SUP006002EA12E9900999003 /* SupplementSelectorView.swift */ = {isa = PBXFileReference; lastKnownFileType = sourcecode.swift; path = SupplementSelectorView.swift; sourceTree = "<group>"; };
		TJTGVRTFG26S85KEDN8GRKOC /* DocumentCameraView.swift */ = {isa = PBXFileReference; lastKnownFileType = sourcecode.swift; path = DocumentCameraView.swift; sourceTree = "<group>"; };
		TM2Z1HXTNI47WFGUI4E4DTUX /* AIChatManagerTests.swift */ = {isa = PBXFileReference; lastKnownFileType = sourcecode.swift; path = AIChatManagerTests.swift; sourceTree = "<group>"; };
		VPH2F91KGGJDF3RNUODWYPQS /* DocumentsEmptyStateView.swift */ = {isa = PBXFileReference; lastKnownFileType = sourcecode.swift; path = DocumentsEmptyStateView.swift; sourceTree = "<group>"; };
		X2FUR2EIGX9DN3B94C5WK7ZW /* DocumentProcessingIntegrationTests.swift */ = {isa = PBXFileReference; lastKnownFileType = sourcecode.swift; path = DocumentProcessingIntegrationTests.swift; sourceTree = "<group>"; };
		Y1VVTRRYHBLDM8AGNTEPTN2P /* DocumentListView.swift */ = {isa = PBXFileReference; lastKnownFileType = sourcecode.swift; path = DocumentListView.swift; sourceTree = "<group>"; };
/* End PBXFileReference section */

/* Begin PBXFrameworksBuildPhase section */
		A1000000294A0000000000000 /* Frameworks */ = {
			isa = PBXFrameworksBuildPhase;
			buildActionMask = 2147483647;
			files = (
				1427C64B2E667B2500EBEFB0 /* Ollama in Frameworks */,
				A1000009294A0000000000001 /* SQLite in Frameworks */,
				143446A22E78E36D00961754 /* AWSClientRuntime in Frameworks */,
				146E72AD2EC2BD8D00D20C53 /* MarkdownUI in Frameworks */,
				143446A02E78E36D00961754 /* AWSBedrockRuntime in Frameworks */,
				1434469E2E78E36D00961754 /* AWSBedrock in Frameworks */,
			);
			runOnlyForDeploymentPostprocessing = 0;
		};
		A1000039294A0000000000001 /* Frameworks */ = {
			isa = PBXFrameworksBuildPhase;
			buildActionMask = 2147483647;
			files = (
			);
			runOnlyForDeploymentPostprocessing = 0;
		};
/* End PBXFrameworksBuildPhase section */

/* Begin PBXGroup section */
		142348192EA07B3300059087 /* Networking */ = {
			isa = PBXGroup;
			children = (
				142348162EA07B3300059087 /* NetworkError.swift */,
				142348172EA07B3300059087 /* NetworkManager.swift */,
				142348182EA07B3300059087 /* PendingOperationsManager.swift */,
			);
			name = Networking;
			path = HealthApp/Networking;
			sourceTree = SOURCE_ROOT;
		};
		A1000000294A0000000000002 = {
			isa = PBXGroup;
			children = (
				A1000003294A0000000000002 /* HealthApp */,
				A1000035294A0000000000001 /* HealthAppTests */,
				A1000001294A0000000000002 /* Products */,
			);
			sourceTree = "<group>";
		};
		A1000001294A0000000000002 /* Products */ = {
			isa = PBXGroup;
			children = (
				A1000001294A0000000000000 /* HealthApp.app */,
				A1000034294A0000000000001 /* HealthAppTests.xctest */,
			);
			name = Products;
			sourceTree = "<group>";
		};
		A1000003294A0000000000002 /* HealthApp */ = {
			isa = PBXGroup;
			children = (
				14ADE5B32EF0BA3A00BB7C6C /* Info.plist */,
				14FFBD3A2E77894700FD9B75 /* Views/TestTypePickerView.swift */,
				14FFBD382E77882B00FD9B75 /* Views/DropdownComponents.swift */,
				14FFBD342E7787FA00FD9B75 /* Utils/BloodTestDataManager.swift */,
				14FFBD322E7787E600FD9B75 /* Services/BloodTestMappingService.swift */,
				A1000011294A0000000000001 /* Models */,
				A1000012294A0000000000001 /* Views */,
				A1000013294A0000000000001 /* ViewModels */,
				A1000076294A0000000000001 /* Managers */,
				A1000014294A0000000000001 /* Services */,
				A1000015294A0000000000001 /* Database */,
				A1000016294A0000000000001 /* Utils */,
				A1000002294A0000000000001 /* HealthAppApp.swift */,
				A1000004294A0000000000001 /* ContentView.swift */,
				A1000006294A0000000000001 /* Assets.xcassets */,
				ENT123456789ENTITLE0001 /* HealthApp.entitlements */,
				A1000009294A0000000000002 /* Preview Content */,
			);
			path = HealthApp;
			sourceTree = "<group>";
		};
		A1000009294A0000000000002 /* Preview Content */ = {
			isa = PBXGroup;
			children = (
				A1000008294A0000000000001 /* Preview Assets.xcassets */,
			);
			path = "Preview Content";
			sourceTree = "<group>";
		};
		A1000011294A0000000000001 /* Models */ = {
			isa = PBXGroup;
			children = (
				146E72A72EC2903F00D20C53 /* MedicalDocument.swift */,
				1434468E2E788ED300961754 /* Doctor.swift */,
				A1000021294A0000000000001 /* HealthDataProtocol.swift */,
				A1000023294A0000000000001 /* PersonalHealthInfo.swift */,
				A1000025294A0000000000001 /* BloodTestResult.swift */,
				A1000007CN3CAO39PBJEZAXGEB /* DuplicateBloodTestCandidate.swift */,
				A1000027294A0000000000001 /* PlaceholderModels.swift */,
				A1000029294A0000000000001 /* HealthDocument.swift */,
				A1000031294A0000000000001 /* ChatModels.swift */,
				A1000032294A0000000000002 /* DocumentProcessingModels.swift */,
			);
			path = Models;
			sourceTree = "<group>";
		};
		A1000012294A0000000000001 /* Views */ = {
			isa = PBXGroup;
			children = (
				14ADE5B82EF0D35700BB7C6C /* VitalsListView.swift */,
				14ADE5B62EF0CFF900BB7C6C /* RecentVitalsSection.swift */,
				14ADE5B42EF0CFE000BB7C6C /* VitalEntryView.swift */,
				14ADE5B12EF0B93F00BB7C6C /* VitalsAndSleepSection.swift */,
				146E72A92EC2905200D20C53 /* MedicalDocumentDetailView.swift */,
				146E72AF2EC2905200D20C53 /* SectionEditorView.swift */,
				143446A32E78E68500961754 /* AWSBedrockSettingsView.swift */,
				1434469A2E78BCAC00961754 /* MedicalConditionEditorView.swift */,
				143446982E78BC8300961754 /* PersonalMedicalHistoryView.swift */,
				143446922E78B62F00961754 /* FamilyHistoryEditorView.swift */,
				143446932E78B62F00961754 /* MedicationEditorView.swift */,
				143446942E78B62F00961754 /* MedicationsListView.swift */,
				SUP002002EA12E9900999001 /* SupplementsListView.swift */,
				SUP004002EA12E9900999002 /* SupplementEditorView.swift */,
				SUP006002EA12E9900999003 /* SupplementSelectorView.swift */,
				143446902E788EE800961754 /* DoctorSelectorView.swift */,
				1427C64C2E66847000EBEFB0 /* BatchProcessingView.swift */,
				142348212EA07F5D00059087 /* OpenAICompatibleSettingsView.swift */,
				142348252EA07F5D00059087 /* AIContextSelectorView.swift */,
				FF73574BCD254FCF859CBF45 /* UnifiedContextSelectorView.swift */,
				1427C64D2E66847000EBEFB0 /* ChatDetailView.swift */,
				1427C64E2E66847000EBEFB0 /* ConversationSidebarView.swift */,
				1427C64F2E66847000EBEFB0 /* DocumentDetailView.swift */,
				A10000R5WCN5TCBELL9IW4K5PU /* DuplicateBloodTestReviewView.swift */,
				1427C64B02E66847000EBEFB0 /* DocumentTypeSelectorView.swift */,
				1427C6502E66847000EBEFB0 /* DocumentFilterView.swift */,
				1427C6512E66847000EBEFB0 /* DocumentGridView.swift */,
				DEF123456789BACKUP00002 /* BackupManagementView.swift */,
				1427C6522E66847000EBEFB0 /* DocumentKeyboardShortcuts.swift */,
				4BW5WUU6KGW4FW27P56OH0SP /* BloodTestEntryView.swift */,
				5Q3O2CW0GZUTH37O9VYRYHNB /* BloodTestsSection.swift */,
				IMGREPORTS002 /* ImagingReportsSection.swift */,
				HEALTHCHECK002 /* HealthCheckupsSection.swift */,
				0LFKQL33BRDWI1HZ310C0FW4 /* ChatEmptyStateView.swift */,
				H5PWLI2D3XV5YLOY2MXETNVX /* ConnectionStatusBanner.swift */,
				I8L71EM4RJ5CIBEC2USO4YGT /* ConversationListView.swift */,
				NT56JAU0ZHTBNAFIAX8HH65W /* DataExportView.swift */,
				TJTGVRTFG26S85KEDN8GRKOC /* DocumentCameraView.swift */,
				Y1VVTRRYHBLDM8AGNTEPTN2P /* DocumentListView.swift */,
				VPH2F91KGGJDF3RNUODWYPQS /* DocumentsEmptyStateView.swift */,
				C47R3GLE8ZL9GEWLU8EZBYS7 /* HealthDataContextSelector.swift */,
				AQ7DKUB9GNYSQ10XLLHVY64B /* MessageInputView.swift */,
				B54XV28LKQRVEL6J8Y9RG0LV /* MessageListView.swift */,
				1423481D2EA07B4E00059087 /* OfflineIndicatorView.swift */,
				4E7K7961SOXCM9NZG54GJSWT /* PersonalInfoEditorView.swift */,
				0Y1MC9GHL1TTUP942IFCRTGC /* PersonalInfoSection.swift */,
				145D8D322EA1941E000BB28A /* OllamaSettingsView.swift */,
				JKVCJWYEAZSCXB3P1NWATHB1 /* PlaceholderSection.swift */,
				AIAG7W668IFF83784YB3RB7X /* PrivacyPolicyView.swift */,
				MNA0K5J601OOV5MOXO8NM2QE /* StorageUsageView.swift */,
				7DBD421D8370DAE5B6FC9FB1 /* SettingsView.swift */,
				68TBOYDGRQT6IRB18T17XXF7 /* TermsOfServiceView.swift */,
				HIPAA002 /* FirstLaunchDisclaimerView.swift */,
			);
			path = Views;
			sourceTree = "<group>";
		};
		A1000013294A0000000000001 /* ViewModels */ = {
			isa = PBXGroup;
			children = (
				146E72AB2EC2905200D20C53 /* MedicalDocumentDetailViewModel.swift */,
			);
			path = ViewModels;
			sourceTree = "<group>";
		};
		A1000014294A0000000000001 /* Services */ = {
			isa = PBXGroup;
			children = (
				143446A72E78E6FC00961754 /* AWSCredentialsHelper.swift */,
				143446A82E78E6FC00961754 /* AWSCredentialsManager.swift */,
				143446A92E78E6FC00961754 /* BedrockClient.swift */,
				A1000063294A0000000000001 /* OllamaClient.swift */,
				142348232EA07F6D00059087 /* OpenAICompatibleClient.swift */,
				A1000065294A0000000000001 /* DoclingClient.swift */,
				A1000067294A0000000000001 /* AIProviderInterface.swift */,
				AC40C20EB59DC4A99B351C991 /* DocumentProcessor.swift */,
				MEDDOCEXT002 /* MedicalDocumentExtractor.swift */,
			);
			path = Services;
			sourceTree = "<group>";
		};
		A1000015294A0000000000001 /* Database */ = {
			isa = PBXGroup;
			children = (
				A1000043294A0000000000001 /* DatabaseManager.swift */,
				A1000045294A0000000000001 /* DatabaseManager+HealthData.swift */,
				A1000047294A0000000000001 /* DatabaseManager+Documents.swift */,
				A1000049294A0000000000001 /* DatabaseManager+Chat.swift */,
				HIPAA003 /* DatabaseManager+AppSettings.swift */,
				146E72AD2EC2905200D20C53 /* DatabaseManager+MedicalDocuments.swift */,
			);
			path = Database;
			sourceTree = "<group>";
		};
		A1000016294A0000000000001 /* Utils */ = {
			isa = PBXGroup;
			children = (
				14ADE5BA2EF0DC9100BB7C6C /* AIResponseCleaner.swift */,
				142348192EA07B3300059087 /* Networking */,
				A1000055294A0000000000001 /* FileSystemManager.swift */,
				A1000057294A0000000000001 /* DocumentImporter.swift */,
				A1000059294A0000000000001 /* DocumentExporter.swift */,
				A10000G6I56H4YKX4HX3MKK5UE /* BloodTestValueValidator.swift */,
				CONV02002EA12E9900999004 /* ConversationExporter.swift */,
				A1000073294A0000000000001 /* Keychain.swift */,
				A1000073294A0000000000003 /* ServerConfigurationConstants.swift */,
				HIPAA004 /* UserDefaults+FirstLaunch.swift */,
				303242343446444138303338 /* AccessibilityManager.swift */,
				304643454332314443313245 /* AccessibilityColors.swift */,
				303741434636463836313336 /* AccessibilityModifiers.swift */,
			);
			path = Utils;
			sourceTree = "<group>";
		};
		A1000035294A0000000000001 /* HealthAppTests */ = {
			isa = PBXGroup;
			children = (
				A1000033294A0000000000001 /* ModelTests.swift */,
				A1000053294A0000000000001 /* DatabaseTests.swift */,
				A1000061294A0000000000001 /* FileSystemTests.swift */,
				A1000069294A0000000000001 /* ServiceClientTests.swift */,
				A1000075294A0000000000001 /* HealthDataManagerTests.swift */,
				1423481F2EA07B6300059087 /* NetworkingTests.swift */,
				TM2Z1HXTNI47WFGUI4E4DTUX /* AIChatManagerTests.swift */,
				HYNQM0CARCBRUUTW45H5JKDS /* ChatIntegrationTests.swift */,
				X2FUR2EIGX9DN3B94C5WK7ZW /* DocumentProcessingIntegrationTests.swift */,
				DEF123456789BACKUP00003 /* iCloudBackupTests.swift */,
				363235363030414442423836 /* AccessibilityTests.swift */,
				344433363046343643354239 /* AccessibilityUITests.swift */,
			);
			path = HealthAppTests;
			sourceTree = "<group>";
		};
		A1000076294A0000000000001 /* Managers */ = {
			isa = PBXGroup;
			children = (
				14ADE5AF2EF0B90100BB7C6C /* HealthKitManager.swift */,
				A1000071294A0000000000001 /* HealthDataManager.swift */,
				ADE33702D7631403A9F76CF91 /* AIChatManager.swift */,
				AA2EE0B4386A2495D857A88A1 /* DocumentManager.swift */,
				50F48E6CF308D42C7D377B84 /* SettingsManager.swift */,
				DEF123456789BACKUP00001 /* iCloudBackupManager.swift */,
				HIPAA001 /* AppSettingsManager.swift */,
				1E116E0E8FDE1B6568C46022 /* ErrorHandler.swift */,
				6D3EA1C9995061054A565167 /* Logger.swift */,
				F8B3C606DD5E2444E3A41AEF /* NetworkRetryManager.swift */,
			);
			path = Managers;
			sourceTree = "<group>";
		};
/* End PBXGroup section */

/* Begin PBXNativeTarget section */
		A1000000294A0000000000001 /* HealthApp */ = {
			isa = PBXNativeTarget;
			buildConfigurationList = A1000010294A0000000000002 /* Build configuration list for PBXNativeTarget "HealthApp" */;
			buildPhases = (
				A1000000294A0000000000003 /* Sources */,
				A1000000294A0000000000000 /* Frameworks */,
				A1000000294A0000000000004 /* Resources */,
			);
			buildRules = (
			);
			dependencies = (
			);
			name = HealthApp;
			packageProductDependencies = (
				A1000010294A0000000000001 /* SQLite */,
				1427C64A2E667B2500EBEFB0 /* Ollama */,
				1434469D2E78E36D00961754 /* AWSBedrock */,
				1434469F2E78E36D00961754 /* AWSBedrockRuntime */,
				143446A12E78E36D00961754 /* AWSClientRuntime */,
				146E72AC2EC2BD8D00D20C53 /* MarkdownUI */,
			);
			productName = HealthApp;
			productReference = A1000001294A0000000000000 /* HealthApp.app */;
			productType = "com.apple.product-type.application";
		};
		A1000037294A0000000000001 /* HealthAppTests */ = {
			isa = PBXNativeTarget;
			buildConfigurationList = A1000038294A0000000000001 /* Build configuration list for PBXNativeTarget "HealthAppTests" */;
			buildPhases = (
				A1000036294A0000000000001 /* Sources */,
				A1000039294A0000000000001 /* Frameworks */,
				A1000040294A0000000000001 /* Resources */,
			);
			buildRules = (
			);
			dependencies = (
				A1000041294A0000000000001 /* PBXTargetDependency */,
			);
			name = HealthAppTests;
			productName = HealthAppTests;
			productReference = A1000034294A0000000000001 /* HealthAppTests.xctest */;
			productType = "com.apple.product-type.bundle.unit-test";
		};
/* End PBXNativeTarget section */

/* Begin PBXProject section */
		A1000000294A0000000000005 /* Project object */ = {
			isa = PBXProject;
			attributes = {
				BuildIndependentTargetsInParallel = 1;
				LastSwiftUpdateCheck = 1500;
				LastUpgradeCheck = 2600;
				TargetAttributes = {
					A1000000294A0000000000001 = {
						CreatedOnToolsVersion = 15.0;
					};
				};
			};
			buildConfigurationList = A1000010294A0000000000003 /* Build configuration list for PBXProject "HealthApp" */;
			compatibilityVersion = "Xcode 14.0";
			developmentRegion = en;
			hasScannedForEncodings = 0;
			knownRegions = (
				en,
				Base,
			);
			mainGroup = A1000000294A0000000000002;
			packageReferences = (
				A1000011294A0000000000002 /* XCRemoteSwiftPackageReference "SQLite" */,
				1427C6492E667B2500EBEFB0 /* XCRemoteSwiftPackageReference "ollama-swift" */,
				1434469C2E78E36D00961754 /* XCRemoteSwiftPackageReference "aws-sdk-swift" */,
				146E72AB2EC2BD8D00D20C53 /* XCRemoteSwiftPackageReference "swift-markdown-ui" */,
			);
			productRefGroup = A1000001294A0000000000002 /* Products */;
			projectDirPath = "";
			projectRoot = "";
			targets = (
				A1000000294A0000000000001 /* HealthApp */,
				A1000037294A0000000000001 /* HealthAppTests */,
			);
		};
/* End PBXProject section */

/* Begin PBXResourcesBuildPhase section */
		A1000000294A0000000000004 /* Resources */ = {
			isa = PBXResourcesBuildPhase;
			buildActionMask = 2147483647;
			files = (
				A1000007294A0000000000001 /* Preview Assets.xcassets in Resources */,
				A1000005294A0000000000001 /* Assets.xcassets in Resources */,
			);
			runOnlyForDeploymentPostprocessing = 0;
		};
		A1000040294A0000000000001 /* Resources */ = {
			isa = PBXResourcesBuildPhase;
			buildActionMask = 2147483647;
			files = (
			);
			runOnlyForDeploymentPostprocessing = 0;
		};
/* End PBXResourcesBuildPhase section */

/* Begin PBXSourcesBuildPhase section */
		A1000000294A0000000000003 /* Sources */ = {
			isa = PBXSourcesBuildPhase;
			buildActionMask = 2147483647;
			files = (
				A1000003294A0000000000001 /* ContentView.swift in Sources */,
				A1000001294A0000000000001 /* HealthAppApp.swift in Sources */,
				1434469B2E78BCAC00961754 /* MedicalConditionEditorView.swift in Sources */,
				143446952E78B62F00961754 /* MedicationsListView.swift in Sources */,
				SUP001002EA12E9900999001 /* SupplementsListView.swift in Sources */,
				SUP003002EA12E9900999002 /* SupplementEditorView.swift in Sources */,
				SUP005002EA12E9900999003 /* SupplementSelectorView.swift in Sources */,
				143446962E78B62F00961754 /* MedicationEditorView.swift in Sources */,
				143446972E78B62F00961754 /* FamilyHistoryEditorView.swift in Sources */,
				1423481A2EA07B3300059087 /* NetworkError.swift in Sources */,
				1423481B2EA07B3300059087 /* PendingOperationsManager.swift in Sources */,
				1423481C2EA07B3300059087 /* NetworkManager.swift in Sources */,
				A1000020294A0000000000001 /* HealthDataProtocol.swift in Sources */,
				A1000022294A0000000000001 /* PersonalHealthInfo.swift in Sources */,
				A1000024294A0000000000001 /* BloodTestResult.swift in Sources */,
				A1000055YAHI7QXGF2TWBDSYSE /* DuplicateBloodTestCandidate.swift in Sources */,
				A1000026294A0000000000001 /* PlaceholderModels.swift in Sources */,
				14ADE5BB2EF0DC9100BB7C6C /* AIResponseCleaner.swift in Sources */,
				A1000028294A0000000000001 /* HealthDocument.swift in Sources */,
				146E72A82EC2903F00D20C53 /* MedicalDocument.swift in Sources */,
				143446AC2E78E6FC00961754 /* AWSCredentialsManager.swift in Sources */,
				143446AD2E78E6FC00961754 /* BedrockClient.swift in Sources */,
				14ADE5B92EF0D35700BB7C6C /* VitalsListView.swift in Sources */,
				143446AE2E78E6FC00961754 /* AWSCredentialsHelper.swift in Sources */,
				A1000030294A0000000000001 /* ChatModels.swift in Sources */,
				A1000031294A0000000000002 /* DocumentProcessingModels.swift in Sources */,
				142348222EA07F5D00059087 /* OpenAICompatibleSettingsView.swift in Sources */,
				14ADE5B72EF0CFF900BB7C6C /* RecentVitalsSection.swift in Sources */,
				142348262EA07F5D00059087 /* AIContextSelectorView.swift in Sources */,
				9CBBB35E3D9943619F51470C /* UnifiedContextSelectorView.swift in Sources */,
				A1000042294A0000000000001 /* DatabaseManager.swift in Sources */,
				A1000044294A0000000000001 /* DatabaseManager+HealthData.swift in Sources */,
				A1000046294A0000000000001 /* DatabaseManager+Documents.swift in Sources */,
				A1000048294A0000000000001 /* DatabaseManager+Chat.swift in Sources */,
				1427C6532E66847000EBEFB0 /* DocumentKeyboardShortcuts.swift in Sources */,
				1427C6542E66847000EBEFB0 /* ChatDetailView.swift in Sources */,
				1427C6552E66847000EBEFB0 /* DocumentFilterView.swift in Sources */,
				146E72AA2EC2905200D20C53 /* MedicalDocumentDetailView.swift in Sources */,
				146E72B02EC2905200D20C53 /* SectionEditorView.swift in Sources */,
				146E72AC2EC2905200D20C53 /* MedicalDocumentDetailViewModel.swift in Sources */,
				14FFBD3B2E77894700FD9B75 /* Views/TestTypePickerView.swift in Sources */,
				1427C6562E66847000EBEFB0 /* BatchProcessingView.swift in Sources */,
				1427C6572E66847000EBEFB0 /* DocumentGridView.swift in Sources */,
				1427C6582E66847000EBEFB0 /* DocumentDetailView.swift in Sources */,
				A10000X6PP0AIOVJSYPSP3LJFU /* DuplicateBloodTestReviewView.swift in Sources */,
				14ADE5B22EF0B93F00BB7C6C /* VitalsAndSleepSection.swift in Sources */,
				1427C64B12E66847000EBEFB0 /* DocumentTypeSelectorView.swift in Sources */,
				1427C6592E66847000EBEFB0 /* ConversationSidebarView.swift in Sources */,
				14FFBD392E77882B00FD9B75 /* Views/DropdownComponents.swift in Sources */,
				A1000054294A0000000000001 /* FileSystemManager.swift in Sources */,
				A1000056294A0000000000001 /* DocumentImporter.swift in Sources */,
				A1000058294A0000000000001 /* DocumentExporter.swift in Sources */,
				14ADE5B52EF0CFE000BB7C6C /* VitalEntryView.swift in Sources */,
				A100005GBD03QSQI2B4SK0KVT0 /* BloodTestValueValidator.swift in Sources */,
				CONV01002EA12E9900999004 /* ConversationExporter.swift in Sources */,
				A1000062294A0000000000001 /* OllamaClient.swift in Sources */,
				145D8D332EA1941E000BB28A /* OllamaSettingsView.swift in Sources */,
				A1000064294A0000000000001 /* DoclingClient.swift in Sources */,
				A1000066294A0000000000001 /* AIProviderInterface.swift in Sources */,
				A1000070294A0000000000001 /* HealthDataManager.swift in Sources */,
				A8787ADDA02C141129A43C311 /* AIChatManager.swift in Sources */,
				B057FA8E00D31E05DA99C601 /* ErrorHandler.swift in Sources */,
				3472925DE4F3A645FEBE6C53 /* Logger.swift in Sources */,
				2B6FA40C09E729A5527BDCEB /* NetworkRetryManager.swift in Sources */,
				143446912E788EE800961754 /* DoctorSelectorView.swift in Sources */,
				A44114E5B1EEE479D907F01F1 /* DocumentManager.swift in Sources */,
				A1A70FBBEDC4A486B86AF5CC1 /* DocumentProcessor.swift in Sources */,
				MEDDOCEXT001 /* MedicalDocumentExtractor.swift in Sources */,
				A1000072294A0000000000001 /* Keychain.swift in Sources */,
				A1000073294A0000000000002 /* ServerConfigurationConstants.swift in Sources */,
				7CO9IFR74OOQNFSJ21MRX2MH /* BloodTestEntryView.swift in Sources */,
				LOSQDJES9EGI21A07Y300YP6 /* BloodTestsSection.swift in Sources */,
				IMGREPORTS001 /* ImagingReportsSection.swift in Sources */,
				14ADE5B02EF0B90100BB7C6C /* HealthKitManager.swift in Sources */,
				HEALTHCHECK001 /* HealthCheckupsSection.swift in Sources */,
				UJKK8BJBQIGWWOLORVC6PAXY /* ChatEmptyStateView.swift in Sources */,
				9M14C5BR853LDAOI13LJFEVC /* ConnectionStatusBanner.swift in Sources */,
				XK3TMWNMQQM5L5H14WFZE3H5 /* ConversationListView.swift in Sources */,
				9O0FCK49MYM13GKA79G6AKO3 /* DataExportView.swift in Sources */,
				14FFBD372E7787FA00FD9B75 /* Utils/BloodTestDataManager.swift in Sources */,
				14FFBD332E7787E600FD9B75 /* Services/BloodTestMappingService.swift in Sources */,
				1F9QEPD2UW2P9MS5P9CK80LF /* DocumentCameraView.swift in Sources */,
				142348242EA07F6D00059087 /* OpenAICompatibleClient.swift in Sources */,
				7ZX5UKY45TZCGS2CESWZPMPA /* DocumentListView.swift in Sources */,
				43HH0I3NMSX1CRM70BL8CI6S /* DocumentsEmptyStateView.swift in Sources */,
				NOGIZO9RJZY59O1P2JP03MX6 /* HealthDataContextSelector.swift in Sources */,
				NYKH99Y51U8QC2SPCELX794F /* MessageInputView.swift in Sources */,
				IRSX6IS1ZMAC81MWY2AQTAZP /* MessageListView.swift in Sources */,
				E1LR7NDJ7EA22H8V9OIXR2C0 /* PersonalInfoEditorView.swift in Sources */,
				NT20AFK0ZJQNCCEN36P78GO5 /* PersonalInfoSection.swift in Sources */,
				143446992E78BC8300961754 /* PersonalMedicalHistoryView.swift in Sources */,
				1434468F2E788ED300961754 /* Doctor.swift in Sources */,
				06YM0C4N0J8IQJP9DL0WWREU /* PlaceholderSection.swift in Sources */,
				143446A42E78E68500961754 /* AWSBedrockSettingsView.swift in Sources */,
				DAKEHVX3PRFCWWBDV195L0XK /* PrivacyPolicyView.swift in Sources */,
				AP42ZSRFIED99JHF9ESMG04E /* StorageUsageView.swift in Sources */,
				55083952F69E6067ECDDADD5 /* SettingsManager.swift in Sources */,
				1423481E2EA07B4E00059087 /* OfflineIndicatorView.swift in Sources */,
				D715EC3156258AF86CC36B19 /* SettingsView.swift in Sources */,
				UIEVFK9VPU7LZN0L7R90WQXY /* TermsOfServiceView.swift in Sources */,
				ABC123456789BACKUP00001 /* iCloudBackupManager.swift in Sources */,
				ABC123456789BACKUP00002 /* BackupManagementView.swift in Sources */,
				HIPAA001B /* AppSettingsManager.swift in Sources */,
				HIPAA002B /* FirstLaunchDisclaimerView.swift in Sources */,
				HIPAA003B /* DatabaseManager+AppSettings.swift in Sources */,
				146E72AE2EC2905200D20C53 /* DatabaseManager+MedicalDocuments.swift in Sources */,
				HIPAA004B /* UserDefaults+FirstLaunch.swift in Sources */,
				463346414531383846334544 /* AccessibilityManager.swift in Sources */,
				373331303130383939373544 /* AccessibilityColors.swift in Sources */,
				333132453133363839344239 /* AccessibilityModifiers.swift in Sources */,
			);
			runOnlyForDeploymentPostprocessing = 0;
		};
		A1000036294A0000000000001 /* Sources */ = {
			isa = PBXSourcesBuildPhase;
			buildActionMask = 2147483647;
			files = (
				A1000032294A0000000000001 /* ModelTests.swift in Sources */,
				A1000052294A0000000000001 /* DatabaseTests.swift in Sources */,
				A1000060294A0000000000001 /* FileSystemTests.swift in Sources */,
				142348202EA07B6300059087 /* NetworkingTests.swift in Sources */,
				A1000068294A0000000000001 /* ServiceClientTests.swift in Sources */,
				A1000074294A0000000000001 /* HealthDataManagerTests.swift in Sources */,
				HVEVO4VP2C5DO0OWDCKXNSUK /* AIChatManagerTests.swift in Sources */,
				71ZC83NJYOBDVUVE3GBL4Y03 /* ChatIntegrationTests.swift in Sources */,
				2ST9LWJHY9HLN9JAUETJL7PV /* DocumentProcessingIntegrationTests.swift in Sources */,
				ABC123456789BACKUP00003 /* iCloudBackupTests.swift in Sources */,
				313646423741443531333141 /* AccessibilityTests.swift in Sources */,
				354439384443443241413039 /* AccessibilityUITests.swift in Sources */,
			);
			runOnlyForDeploymentPostprocessing = 0;
		};
/* End PBXSourcesBuildPhase section */

/* Begin PBXTargetDependency section */
		A1000041294A0000000000001 /* PBXTargetDependency */ = {
			isa = PBXTargetDependency;
			target = A1000000294A0000000000001 /* HealthApp */;
			targetProxy = A1000077294A0000000000001 /* PBXContainerItemProxy */;
		};
/* End PBXTargetDependency section */

/* Begin XCBuildConfiguration section */
		A1000010294A0000000000004 /* Debug */ = {
			isa = XCBuildConfiguration;
			buildSettings = {
				ALWAYS_SEARCH_USER_PATHS = NO;
				ASSETCATALOG_COMPILER_GENERATE_SWIFT_ASSET_SYMBOL_EXTENSIONS = YES;
				CLANG_ANALYZER_NONNULL = YES;
				CLANG_ANALYZER_NUMBER_OBJECT_CONVERSION = YES_AGGRESSIVE;
				CLANG_CXX_LANGUAGE_STANDARD = "gnu++20";
				CLANG_ENABLE_MODULES = YES;
				CLANG_ENABLE_OBJC_ARC = YES;
				CLANG_ENABLE_OBJC_WEAK = YES;
				CLANG_WARN_BLOCK_CAPTURE_AUTORELEASING = YES;
				CLANG_WARN_BOOL_CONVERSION = YES;
				CLANG_WARN_COMMA = YES;
				CLANG_WARN_CONSTANT_CONVERSION = YES;
				CLANG_WARN_DEPRECATED_OBJC_IMPLEMENTATIONS = YES;
				CLANG_WARN_DIRECT_OBJC_ISA_USAGE = YES_ERROR;
				CLANG_WARN_DOCUMENTATION_COMMENTS = YES;
				CLANG_WARN_EMPTY_BODY = YES;
				CLANG_WARN_ENUM_CONVERSION = YES;
				CLANG_WARN_INFINITE_RECURSION = YES;
				CLANG_WARN_INT_CONVERSION = YES;
				CLANG_WARN_NON_LITERAL_NULL_CONVERSION = YES;
				CLANG_WARN_OBJC_IMPLICIT_RETAIN_SELF = YES;
				CLANG_WARN_OBJC_LITERAL_CONVERSION = YES;
				CLANG_WARN_OBJC_ROOT_CLASS = YES_ERROR;
				CLANG_WARN_QUOTED_INCLUDE_IN_FRAMEWORK_HEADER = YES;
				CLANG_WARN_RANGE_LOOP_ANALYSIS = YES;
				CLANG_WARN_STRICT_PROTOTYPES = YES;
				CLANG_WARN_SUSPICIOUS_MOVE = YES;
				CLANG_WARN_UNGUARDED_AVAILABILITY = YES_AGGRESSIVE;
				CLANG_WARN_UNREACHABLE_CODE = YES;
				CLANG_WARN__DUPLICATE_METHOD_MATCH = YES;
				COPY_PHASE_STRIP = NO;
				DEBUG_INFORMATION_FORMAT = dwarf;
				ENABLE_STRICT_OBJC_MSGSEND = YES;
				ENABLE_TESTABILITY = YES;
				ENABLE_USER_SCRIPT_SANDBOXING = YES;
				GCC_C_LANGUAGE_STANDARD = gnu17;
				GCC_DYNAMIC_NO_PIC = NO;
				GCC_NO_COMMON_BLOCKS = YES;
				GCC_OPTIMIZATION_LEVEL = 0;
				GCC_PREPROCESSOR_DEFINITIONS = (
					"DEBUG=1",
					"$(inherited)",
				);
				GCC_WARN_64_TO_32_BIT_CONVERSION = YES;
				GCC_WARN_ABOUT_RETURN_TYPE = YES_ERROR;
				GCC_WARN_UNDECLARED_SELECTOR = YES;
				GCC_WARN_UNINITIALIZED_AUTOS = YES_AGGRESSIVE;
				GCC_WARN_UNUSED_FUNCTION = YES;
				GCC_WARN_UNUSED_VARIABLE = YES;
				IPHONEOS_DEPLOYMENT_TARGET = 17.0;
				LOCALIZATION_PREFERS_STRING_CATALOGS = YES;
				MTL_ENABLE_DEBUG_INFO = INCLUDE_SOURCE;
				MTL_FAST_MATH = YES;
				ONLY_ACTIVE_ARCH = YES;
				SDKROOT = iphoneos;
				STRING_CATALOG_GENERATE_SYMBOLS = YES;
				SWIFT_ACTIVE_COMPILATION_CONDITIONS = "DEBUG $(inherited)";
				SWIFT_OPTIMIZATION_LEVEL = "-Onone";
			};
			name = Debug;
		};
		A1000010294A0000000000005 /* Release */ = {
			isa = XCBuildConfiguration;
			buildSettings = {
				ALWAYS_SEARCH_USER_PATHS = NO;
				ASSETCATALOG_COMPILER_GENERATE_SWIFT_ASSET_SYMBOL_EXTENSIONS = YES;
				CLANG_ANALYZER_NONNULL = YES;
				CLANG_ANALYZER_NUMBER_OBJECT_CONVERSION = YES_AGGRESSIVE;
				CLANG_CXX_LANGUAGE_STANDARD = "gnu++20";
				CLANG_ENABLE_MODULES = YES;
				CLANG_ENABLE_OBJC_ARC = YES;
				CLANG_ENABLE_OBJC_WEAK = YES;
				CLANG_WARN_BLOCK_CAPTURE_AUTORELEASING = YES;
				CLANG_WARN_BOOL_CONVERSION = YES;
				CLANG_WARN_COMMA = YES;
				CLANG_WARN_CONSTANT_CONVERSION = YES;
				CLANG_WARN_DEPRECATED_OBJC_IMPLEMENTATIONS = YES;
				CLANG_WARN_DIRECT_OBJC_ISA_USAGE = YES_ERROR;
				CLANG_WARN_DOCUMENTATION_COMMENTS = YES;
				CLANG_WARN_EMPTY_BODY = YES;
				CLANG_WARN_ENUM_CONVERSION = YES;
				CLANG_WARN_INFINITE_RECURSION = YES;
				CLANG_WARN_INT_CONVERSION = YES;
				CLANG_WARN_NON_LITERAL_NULL_CONVERSION = YES;
				CLANG_WARN_OBJC_IMPLICIT_RETAIN_SELF = YES;
				CLANG_WARN_OBJC_LITERAL_CONVERSION = YES;
				CLANG_WARN_OBJC_ROOT_CLASS = YES_ERROR;
				CLANG_WARN_QUOTED_INCLUDE_IN_FRAMEWORK_HEADER = YES;
				CLANG_WARN_RANGE_LOOP_ANALYSIS = YES;
				CLANG_WARN_STRICT_PROTOTYPES = YES;
				CLANG_WARN_SUSPICIOUS_MOVE = YES;
				CLANG_WARN_UNGUARDED_AVAILABILITY = YES_AGGRESSIVE;
				CLANG_WARN_UNREACHABLE_CODE = YES;
				CLANG_WARN__DUPLICATE_METHOD_MATCH = YES;
				COPY_PHASE_STRIP = NO;
				DEBUG_INFORMATION_FORMAT = "dwarf-with-dsym";
				ENABLE_NS_ASSERTIONS = NO;
				ENABLE_STRICT_OBJC_MSGSEND = YES;
				ENABLE_USER_SCRIPT_SANDBOXING = YES;
				GCC_C_LANGUAGE_STANDARD = gnu17;
				GCC_NO_COMMON_BLOCKS = YES;
				GCC_WARN_64_TO_32_BIT_CONVERSION = YES;
				GCC_WARN_ABOUT_RETURN_TYPE = YES_ERROR;
				GCC_WARN_UNDECLARED_SELECTOR = YES;
				GCC_WARN_UNINITIALIZED_AUTOS = YES_AGGRESSIVE;
				GCC_WARN_UNUSED_FUNCTION = YES;
				GCC_WARN_UNUSED_VARIABLE = YES;
				IPHONEOS_DEPLOYMENT_TARGET = 17.0;
				LOCALIZATION_PREFERS_STRING_CATALOGS = YES;
				MTL_ENABLE_DEBUG_INFO = NO;
				MTL_FAST_MATH = YES;
				SDKROOT = iphoneos;
				STRING_CATALOG_GENERATE_SYMBOLS = YES;
				SWIFT_COMPILATION_MODE = wholemodule;
				VALIDATE_PRODUCT = YES;
			};
			name = Release;
		};
		A1000010294A0000000000006 /* Debug */ = {
			isa = XCBuildConfiguration;
			buildSettings = {
				ASSETCATALOG_COMPILER_APPICON_NAME = "AppIcon-BisonHealthAI-Pro";
				ASSETCATALOG_COMPILER_GLOBAL_ACCENT_COLOR_NAME = AccentColor;
				CODE_SIGN_ENTITLEMENTS = HealthApp/HealthApp.entitlements;
				CODE_SIGN_STYLE = Automatic;
				CURRENT_PROJECT_VERSION = 1;
				DEVELOPMENT_ASSET_PATHS = "\"HealthApp/Preview Content\"";
				DEVELOPMENT_TEAM = 4W55VW7UXX;
				ENABLE_PREVIEWS = YES;
				GENERATE_INFOPLIST_FILE = YES;
				INFOPLIST_KEY_CFBundleDisplayName = "BisonHealth AI";
				INFOPLIST_KEY_LSApplicationCategoryType = "public.app-category.healthcare-fitness";
				INFOPLIST_KEY_LSRequiresIPhoneOS = YES;
				INFOPLIST_KEY_NSCameraUsageDescription = "This app uses the camera to scan health documents for import and processing.";
				INFOPLIST_KEY_NSHealthShareUsageDescription = "BisonHealth needs access to your health data to provide personalized health insights and sync your vitals, sleep data, and other health metrics with the AI doctor for better health recommendations.";
				INFOPLIST_KEY_NSHealthUpdateUsageDescription = "BisonHealth would like to save your health data to Apple Health to keep your health information synchronized across your devices.";
				INFOPLIST_KEY_NSPhotoLibraryUsageDescription = "This app accesses your photo library to import health documents and images.";
				INFOPLIST_KEY_UIApplicationSceneManifest_Generation = YES;
				INFOPLIST_KEY_UIApplicationSupportsIndirectInputEvents = YES;
				INFOPLIST_KEY_UILaunchScreen_Generation = YES;
				INFOPLIST_KEY_UISupportedInterfaceOrientations = UIInterfaceOrientationPortrait;
				INFOPLIST_KEY_UISupportedInterfaceOrientations_iPad = "UIInterfaceOrientationLandscapeLeft UIInterfaceOrientationLandscapeRight UIInterfaceOrientationPortrait UIInterfaceOrientationPortraitUpsideDown";
				LD_RUNPATH_SEARCH_PATHS = (
					"$(inherited)",
					"@executable_path/Frameworks",
				);
				MARKETING_VERSION = 1.0;
				PRODUCT_BUNDLE_IDENTIFIER = com.bisonhealthai.app;
				PRODUCT_NAME = "$(TARGET_NAME)";
				SUPPORTED_PLATFORMS = "iphoneos iphonesimulator";
				SUPPORTS_MACCATALYST = NO;
				SUPPORTS_MAC_DESIGNED_FOR_IPHONE_IPAD = NO;
				SUPPORTS_XR_DESIGNED_FOR_IPHONE_IPAD = NO;
				SWIFT_EMIT_LOC_STRINGS = YES;
				SWIFT_VERSION = 5.0;
				TARGETED_DEVICE_FAMILY = "1,2";
			};
			name = Debug;
		};
		A1000010294A0000000000007 /* Release */ = {
			isa = XCBuildConfiguration;
			buildSettings = {
				ASSETCATALOG_COMPILER_APPICON_NAME = "AppIcon-BisonHealthAI-Pro";
				ASSETCATALOG_COMPILER_GLOBAL_ACCENT_COLOR_NAME = AccentColor;
				CODE_SIGN_ENTITLEMENTS = HealthApp/HealthApp.entitlements;
				CODE_SIGN_STYLE = Automatic;
				CURRENT_PROJECT_VERSION = 1;
				DEVELOPMENT_ASSET_PATHS = "\"HealthApp/Preview Content\"";
				DEVELOPMENT_TEAM = 4W55VW7UXX;
				ENABLE_PREVIEWS = YES;
				GENERATE_INFOPLIST_FILE = YES;
				INFOPLIST_KEY_CFBundleDisplayName = "BisonHealth AI";
				INFOPLIST_KEY_LSApplicationCategoryType = "public.app-category.healthcare-fitness";
				INFOPLIST_KEY_LSRequiresIPhoneOS = YES;
				INFOPLIST_KEY_NSCameraUsageDescription = "This app uses the camera to scan health documents for import and processing.";
				INFOPLIST_KEY_NSHealthShareUsageDescription = "BisonHealth needs access to your health data to provide personalized health insights and sync your vitals, sleep data, and other health metrics with the AI doctor for better health recommendations.";
				INFOPLIST_KEY_NSHealthUpdateUsageDescription = "BisonHealth would like to save your health data to Apple Health to keep your health information synchronized across your devices.";
				INFOPLIST_KEY_NSPhotoLibraryUsageDescription = "This app accesses your photo library to import health documents and images.";
				INFOPLIST_KEY_UIApplicationSceneManifest_Generation = YES;
				INFOPLIST_KEY_UIApplicationSupportsIndirectInputEvents = YES;
				INFOPLIST_KEY_UILaunchScreen_Generation = YES;
				INFOPLIST_KEY_UISupportedInterfaceOrientations = UIInterfaceOrientationPortrait;
				INFOPLIST_KEY_UISupportedInterfaceOrientations_iPad = "UIInterfaceOrientationLandscapeLeft UIInterfaceOrientationLandscapeRight UIInterfaceOrientationPortrait UIInterfaceOrientationPortraitUpsideDown";
				LD_RUNPATH_SEARCH_PATHS = (
					"$(inherited)",
					"@executable_path/Frameworks",
				);
				MARKETING_VERSION = 1.0;
				PRODUCT_BUNDLE_IDENTIFIER = com.bisonhealthai.app;
				PRODUCT_NAME = "$(TARGET_NAME)";
				SUPPORTED_PLATFORMS = "iphoneos iphonesimulator";
				SUPPORTS_MACCATALYST = NO;
				SUPPORTS_MAC_DESIGNED_FOR_IPHONE_IPAD = NO;
				SUPPORTS_XR_DESIGNED_FOR_IPHONE_IPAD = NO;
				SWIFT_EMIT_LOC_STRINGS = YES;
				SWIFT_VERSION = 5.0;
				TARGETED_DEVICE_FAMILY = "1,2";
			};
			name = Release;
		};
		A1000038294A0000000000002 /* Debug */ = {
			isa = XCBuildConfiguration;
			buildSettings = {
				BUNDLE_LOADER = "$(TEST_HOST)";
				CODE_SIGN_STYLE = Automatic;
				CURRENT_PROJECT_VERSION = 1;
				GENERATE_INFOPLIST_FILE = YES;
				IPHONEOS_DEPLOYMENT_TARGET = 17.0;
				MARKETING_VERSION = 1.0;
				PRODUCT_BUNDLE_IDENTIFIER = com.bisonhealthai.app.HealthAppTests;
				PRODUCT_NAME = "$(TARGET_NAME)";
				SUPPORTED_PLATFORMS = "iphoneos iphonesimulator";
				SUPPORTS_MACCATALYST = NO;
				SUPPORTS_MAC_DESIGNED_FOR_IPHONE_IPAD = NO;
				SWIFT_EMIT_LOC_STRINGS = NO;
				SWIFT_VERSION = 5.0;
				TARGETED_DEVICE_FAMILY = "1,2";
				TEST_HOST = "$(BUILT_PRODUCTS_DIR)/HealthApp.app/$(BUNDLE_EXECUTABLE_FOLDER_PATH)/HealthApp";
			};
			name = Debug;
		};
		A1000038294A0000000000003 /* Release */ = {
			isa = XCBuildConfiguration;
			buildSettings = {
				BUNDLE_LOADER = "$(TEST_HOST)";
				CODE_SIGN_STYLE = Automatic;
				CURRENT_PROJECT_VERSION = 1;
				GENERATE_INFOPLIST_FILE = YES;
				IPHONEOS_DEPLOYMENT_TARGET = 17.0;
				MARKETING_VERSION = 1.0;
				PRODUCT_BUNDLE_IDENTIFIER = com.bisonhealthai.app.HealthAppTests;
				PRODUCT_NAME = "$(TARGET_NAME)";
				SUPPORTED_PLATFORMS = "iphoneos iphonesimulator";
				SUPPORTS_MACCATALYST = NO;
				SUPPORTS_MAC_DESIGNED_FOR_IPHONE_IPAD = NO;
				SWIFT_EMIT_LOC_STRINGS = NO;
				SWIFT_VERSION = 5.0;
				TARGETED_DEVICE_FAMILY = "1,2";
				TEST_HOST = "$(BUILT_PRODUCTS_DIR)/HealthApp.app/$(BUNDLE_EXECUTABLE_FOLDER_PATH)/HealthApp";
			};
			name = Release;
		};
/* End XCBuildConfiguration section */

/* Begin XCConfigurationList section */
		A1000010294A0000000000002 /* Build configuration list for PBXNativeTarget "HealthApp" */ = {
			isa = XCConfigurationList;
			buildConfigurations = (
				A1000010294A0000000000006 /* Debug */,
				A1000010294A0000000000007 /* Release */,
			);
			defaultConfigurationIsVisible = 0;
			defaultConfigurationName = Release;
		};
		A1000010294A0000000000003 /* Build configuration list for PBXProject "HealthApp" */ = {
			isa = XCConfigurationList;
			buildConfigurations = (
				A1000010294A0000000000004 /* Debug */,
				A1000010294A0000000000005 /* Release */,
			);
			defaultConfigurationIsVisible = 0;
			defaultConfigurationName = Release;
		};
		A1000038294A0000000000001 /* Build configuration list for PBXNativeTarget "HealthAppTests" */ = {
			isa = XCConfigurationList;
			buildConfigurations = (
				A1000038294A0000000000002 /* Debug */,
				A1000038294A0000000000003 /* Release */,
			);
			defaultConfigurationIsVisible = 0;
			defaultConfigurationName = Release;
		};
/* End XCConfigurationList section */

/* Begin XCRemoteSwiftPackageReference section */
		1427C6492E667B2500EBEFB0 /* XCRemoteSwiftPackageReference "ollama-swift" */ = {
			isa = XCRemoteSwiftPackageReference;
			repositoryURL = "https://github.com/bisonbet/ollama-swift.git";
			requirement = {
				branch = main;
				kind = branch;
			};
		};
		1434469C2E78E36D00961754 /* XCRemoteSwiftPackageReference "aws-sdk-swift" */ = {
			isa = XCRemoteSwiftPackageReference;
			repositoryURL = "https://github.com/awslabs/aws-sdk-swift";
			requirement = {
				kind = upToNextMajorVersion;
				minimumVersion = 1.5.42;
			};
		};
		146E72AB2EC2BD8D00D20C53 /* XCRemoteSwiftPackageReference "swift-markdown-ui" */ = {
			isa = XCRemoteSwiftPackageReference;
			repositoryURL = "https://github.com/bisonbet/swift-markdown-ui";
			requirement = {
				branch = main;
				kind = branch;
			};
		};
		A1000011294A0000000000002 /* XCRemoteSwiftPackageReference "SQLite" */ = {
			isa = XCRemoteSwiftPackageReference;
			repositoryURL = "https://github.com/stephencelis/SQLite.swift";
			requirement = {
				kind = upToNextMajorVersion;
				minimumVersion = 0.15.3;
			};
		};
/* End XCRemoteSwiftPackageReference section */

/* Begin XCSwiftPackageProductDependency section */
		1427C64A2E667B2500EBEFB0 /* Ollama */ = {
			isa = XCSwiftPackageProductDependency;
			package = 1427C6492E667B2500EBEFB0 /* XCRemoteSwiftPackageReference "ollama-swift" */;
			productName = Ollama;
		};
		1434469D2E78E36D00961754 /* AWSBedrock */ = {
			isa = XCSwiftPackageProductDependency;
			package = 1434469C2E78E36D00961754 /* XCRemoteSwiftPackageReference "aws-sdk-swift" */;
			productName = AWSBedrock;
		};
		1434469F2E78E36D00961754 /* AWSBedrockRuntime */ = {
			isa = XCSwiftPackageProductDependency;
			package = 1434469C2E78E36D00961754 /* XCRemoteSwiftPackageReference "aws-sdk-swift" */;
			productName = AWSBedrockRuntime;
		};
		143446A12E78E36D00961754 /* AWSClientRuntime */ = {
			isa = XCSwiftPackageProductDependency;
			package = 1434469C2E78E36D00961754 /* XCRemoteSwiftPackageReference "aws-sdk-swift" */;
			productName = AWSClientRuntime;
		};
		146E72AC2EC2BD8D00D20C53 /* MarkdownUI */ = {
			isa = XCSwiftPackageProductDependency;
			package = 146E72AB2EC2BD8D00D20C53 /* XCRemoteSwiftPackageReference "swift-markdown-ui" */;
			productName = MarkdownUI;
		};
		A1000010294A0000000000001 /* SQLite */ = {
			isa = XCSwiftPackageProductDependency;
			package = A1000011294A0000000000002 /* XCRemoteSwiftPackageReference "SQLite" */;
			productName = SQLite;
		};
/* End XCSwiftPackageProductDependency section */
	};
	rootObject = A1000000294A0000000000005 /* Project object */;
}
